
Microsoft Visual Studio Solution File, Format Version 11.00
# Visual Studio 2010
Project("{2150E333-8FDC-42A3-9474-1A3956D46DE8}") = "build", "build", "{012E9D8D-46CF-4536-9F34-7260C08C1E3C}"
EndProject
Project("{8BC9CEB8-8B4A-11D0-8D11-00A0C91BC942}") = "lib", "lib\lib.vcxproj", "{4A7E5A93-19D8-4382-8950-FB2EDEC7A76E}"
EndProject
Project("{8BC9CEB8-8B4A-11D0-8D11-00A0C91BC942}") = "shell", "shell\shell.vcxproj", "{BF547582-F16D-4BE5-B9AB-8B6A9364B447}"
EndProject
Project("{8BC9CEB8-8B4A-11D0-8D11-00A0C91BC942}") = "test", "test\test.vcxproj", "{21A10ECD-32E2-4F27-A03D-81D855A048CC}"
EndProject
Project("{8BC9CEB8-8B4A-11D0-8D11-00A0C91BC942}") = "test_capi", "test_capi\test_capi.vcxproj", "{9E76526D-EDA2-4B88-9616-A8FC08F31071}"
EndProject
Project("{8BC9CEB8-8B4A-11D0-8D11-00A0C91BC942}") = "dll", "dll\dll.vcxproj", "{0BF8CB94-61C7-4545-AE55-C58D858AA8B6}"
EndProject
Project("{8BC9CEB8-8B4A-11D0-8D11-00A0C91BC942}") = "Microsoft.Z3V3", "Microsoft.Z3V3\Microsoft.Z3V3.vcxproj", "{F008F2C4-D652-4A58-8DEF-DB83E2355454}"
	ProjectSection(ProjectDependencies) = postProject
		{0BF8CB94-61C7-4545-AE55-C58D858AA8B6} = {0BF8CB94-61C7-4545-AE55-C58D858AA8B6}
	EndProjectSection
EndProject
Project("{8BC9CEB8-8B4A-11D0-8D11-00A0C91BC942}") = "maxsat", "maxsat\maxsat.vcxproj", "{7C154132-AAAB-4F60-B652-F8C51A63D244}"
	ProjectSection(ProjectDependencies) = postProject
		{4A7E5A93-19D8-4382-8950-FB2EDEC7A76E} = {4A7E5A93-19D8-4382-8950-FB2EDEC7A76E}
		{0BF8CB94-61C7-4545-AE55-C58D858AA8B6} = {0BF8CB94-61C7-4545-AE55-C58D858AA8B6}
	EndProjectSection
EndProject
Project("{FAE04EC0-301F-11D3-BF4B-00C04F79EFBC}") = "Microsoft.Z3", "Microsoft.Z3\Microsoft.Z3.csproj", "{EC3DB697-B734-42F7-9468-5B62821EEB5A}"
	ProjectSection(ProjectDependencies) = postProject
		{0BF8CB94-61C7-4545-AE55-C58D858AA8B6} = {0BF8CB94-61C7-4545-AE55-C58D858AA8B6}
	EndProjectSection
EndProject
Project("{FAE04EC0-301F-11D3-BF4B-00C04F79EFBC}") = "test_managed", "test_managed\test_managed.csproj", "{B408E4BF-338D-446D-8D28-0DAB9BE91182}"
EndProject
Global
	GlobalSection(SolutionConfigurationPlatforms) = preSolution
		commercial|Any CPU = commercial|Any CPU
		commercial|Mixed Platforms = commercial|Mixed Platforms
		commercial|Win32 = commercial|Win32
		commercial|x64 = commercial|x64
		commercial|x86 = commercial|x86
		debug_opt|Any CPU = debug_opt|Any CPU
		debug_opt|Mixed Platforms = debug_opt|Mixed Platforms
		debug_opt|Win32 = debug_opt|Win32
		debug_opt|x64 = debug_opt|x64
		debug_opt|x86 = debug_opt|x86
		Debug|Any CPU = Debug|Any CPU
		Debug|Mixed Platforms = Debug|Mixed Platforms
		Debug|Win32 = Debug|Win32
		Debug|x64 = Debug|x64
		Debug|x86 = Debug|x86
		external_64|Any CPU = external_64|Any CPU
		external_64|Mixed Platforms = external_64|Mixed Platforms
		external_64|Win32 = external_64|Win32
		external_64|x64 = external_64|x64
		external_64|x86 = external_64|x86
		external_dbg|Any CPU = external_dbg|Any CPU
		external_dbg|Mixed Platforms = external_dbg|Mixed Platforms
		external_dbg|Win32 = external_dbg|Win32
		external_dbg|x64 = external_dbg|x64
		external_dbg|x86 = external_dbg|x86
		external|Any CPU = external|Any CPU
		external|Mixed Platforms = external|Mixed Platforms
		external|Win32 = external|Win32
		external|x64 = external|x64
		external|x86 = external|x86
		Release_delaysign|Any CPU = Release_delaysign|Any CPU
		Release_delaysign|Mixed Platforms = Release_delaysign|Mixed Platforms
		Release_delaysign|Win32 = Release_delaysign|Win32
		Release_delaysign|x64 = Release_delaysign|x64
		Release_delaysign|x86 = Release_delaysign|x86
		release_mt|Any CPU = release_mt|Any CPU
		release_mt|Mixed Platforms = release_mt|Mixed Platforms
		release_mt|Win32 = release_mt|Win32
		release_mt|x64 = release_mt|x64
		release_mt|x86 = release_mt|x86
		Release|Any CPU = Release|Any CPU
		Release|Mixed Platforms = Release|Mixed Platforms
		Release|Win32 = Release|Win32
		Release|x64 = Release|x64
		Release|x86 = Release|x86
		Setup|Any CPU = Setup|Any CPU
		Setup|Mixed Platforms = Setup|Mixed Platforms
		Setup|Win32 = Setup|Win32
		Setup|x64 = Setup|x64
		Setup|x86 = Setup|x86
		Trace|Any CPU = Trace|Any CPU
		Trace|Mixed Platforms = Trace|Mixed Platforms
		Trace|Win32 = Trace|Win32
		Trace|x64 = Trace|x64
		Trace|x86 = Trace|x86
	EndGlobalSection
	GlobalSection(ProjectConfigurationPlatforms) = postSolution
		{4A7E5A93-19D8-4382-8950-FB2EDEC7A76E}.commercial|Any CPU.ActiveCfg = commercial|x64
		{4A7E5A93-19D8-4382-8950-FB2EDEC7A76E}.commercial|Mixed Platforms.ActiveCfg = commercial|Win32
		{4A7E5A93-19D8-4382-8950-FB2EDEC7A76E}.commercial|Mixed Platforms.Build.0 = commercial|Win32
		{4A7E5A93-19D8-4382-8950-FB2EDEC7A76E}.commercial|Win32.ActiveCfg = commercial|Win32
		{4A7E5A93-19D8-4382-8950-FB2EDEC7A76E}.commercial|Win32.Build.0 = commercial|Win32
		{4A7E5A93-19D8-4382-8950-FB2EDEC7A76E}.commercial|x64.ActiveCfg = commercial|x64
		{4A7E5A93-19D8-4382-8950-FB2EDEC7A76E}.commercial|x64.Build.0 = commercial|x64
		{4A7E5A93-19D8-4382-8950-FB2EDEC7A76E}.commercial|x86.ActiveCfg = commercial|x64
		{4A7E5A93-19D8-4382-8950-FB2EDEC7A76E}.debug_opt|Any CPU.ActiveCfg = debug_opt|Win32
		{4A7E5A93-19D8-4382-8950-FB2EDEC7A76E}.debug_opt|Mixed Platforms.ActiveCfg = debug_opt|Win32
		{4A7E5A93-19D8-4382-8950-FB2EDEC7A76E}.debug_opt|Mixed Platforms.Build.0 = debug_opt|Win32
		{4A7E5A93-19D8-4382-8950-FB2EDEC7A76E}.debug_opt|Win32.ActiveCfg = debug_opt|Win32
		{4A7E5A93-19D8-4382-8950-FB2EDEC7A76E}.debug_opt|Win32.Build.0 = debug_opt|Win32
		{4A7E5A93-19D8-4382-8950-FB2EDEC7A76E}.debug_opt|x64.ActiveCfg = debug_opt|Win32
		{4A7E5A93-19D8-4382-8950-FB2EDEC7A76E}.debug_opt|x86.ActiveCfg = debug_opt|x64
		{4A7E5A93-19D8-4382-8950-FB2EDEC7A76E}.Debug|Any CPU.ActiveCfg = Debug|Win32
		{4A7E5A93-19D8-4382-8950-FB2EDEC7A76E}.Debug|Any CPU.Build.0 = Debug|Win32
		{4A7E5A93-19D8-4382-8950-FB2EDEC7A76E}.Debug|Mixed Platforms.ActiveCfg = Debug|Win32
		{4A7E5A93-19D8-4382-8950-FB2EDEC7A76E}.Debug|Mixed Platforms.Build.0 = Debug|Win32
		{4A7E5A93-19D8-4382-8950-FB2EDEC7A76E}.Debug|Win32.ActiveCfg = Debug|Win32
		{4A7E5A93-19D8-4382-8950-FB2EDEC7A76E}.Debug|Win32.Build.0 = Debug|Win32
		{4A7E5A93-19D8-4382-8950-FB2EDEC7A76E}.Debug|x64.ActiveCfg = Debug|x64
		{4A7E5A93-19D8-4382-8950-FB2EDEC7A76E}.Debug|x64.Build.0 = Debug|x64
		{4A7E5A93-19D8-4382-8950-FB2EDEC7A76E}.Debug|x86.ActiveCfg = Debug|x64
		{4A7E5A93-19D8-4382-8950-FB2EDEC7A76E}.external_64|Any CPU.ActiveCfg = external_64|x64
		{4A7E5A93-19D8-4382-8950-FB2EDEC7A76E}.external_64|Mixed Platforms.ActiveCfg = external_64|x64
		{4A7E5A93-19D8-4382-8950-FB2EDEC7A76E}.external_64|Mixed Platforms.Build.0 = external_64|x64
		{4A7E5A93-19D8-4382-8950-FB2EDEC7A76E}.external_64|Win32.ActiveCfg = external_64|Win32
		{4A7E5A93-19D8-4382-8950-FB2EDEC7A76E}.external_64|x64.ActiveCfg = external_64|x64
		{4A7E5A93-19D8-4382-8950-FB2EDEC7A76E}.external_64|x64.Build.0 = external_64|x64
		{4A7E5A93-19D8-4382-8950-FB2EDEC7A76E}.external_64|x86.ActiveCfg = external_64|x64
		{4A7E5A93-19D8-4382-8950-FB2EDEC7A76E}.external_dbg|Any CPU.ActiveCfg = external_dbg|Win32
		{4A7E5A93-19D8-4382-8950-FB2EDEC7A76E}.external_dbg|Any CPU.Build.0 = external_dbg|Win32
		{4A7E5A93-19D8-4382-8950-FB2EDEC7A76E}.external_dbg|Mixed Platforms.ActiveCfg = external_dbg|Win32
		{4A7E5A93-19D8-4382-8950-FB2EDEC7A76E}.external_dbg|Mixed Platforms.Build.0 = external_dbg|Win32
		{4A7E5A93-19D8-4382-8950-FB2EDEC7A76E}.external_dbg|Win32.ActiveCfg = external_dbg|Win32
		{4A7E5A93-19D8-4382-8950-FB2EDEC7A76E}.external_dbg|Win32.Build.0 = external_dbg|Win32
		{4A7E5A93-19D8-4382-8950-FB2EDEC7A76E}.external_dbg|x64.ActiveCfg = external_dbg|Win32
		{4A7E5A93-19D8-4382-8950-FB2EDEC7A76E}.external_dbg|x86.ActiveCfg = external_dbg|x64
		{4A7E5A93-19D8-4382-8950-FB2EDEC7A76E}.external|Any CPU.ActiveCfg = external|Win32
		{4A7E5A93-19D8-4382-8950-FB2EDEC7A76E}.external|Any CPU.Build.0 = external|Win32
		{4A7E5A93-19D8-4382-8950-FB2EDEC7A76E}.external|Mixed Platforms.ActiveCfg = external|Win32
		{4A7E5A93-19D8-4382-8950-FB2EDEC7A76E}.external|Mixed Platforms.Build.0 = external|Win32
		{4A7E5A93-19D8-4382-8950-FB2EDEC7A76E}.external|Win32.ActiveCfg = external|Win32
		{4A7E5A93-19D8-4382-8950-FB2EDEC7A76E}.external|Win32.Build.0 = external|Win32
		{4A7E5A93-19D8-4382-8950-FB2EDEC7A76E}.external|x64.ActiveCfg = external|Win32
		{4A7E5A93-19D8-4382-8950-FB2EDEC7A76E}.external|x86.ActiveCfg = external|x64
		{4A7E5A93-19D8-4382-8950-FB2EDEC7A76E}.Release_delaysign|Any CPU.ActiveCfg = Release|Win32
		{4A7E5A93-19D8-4382-8950-FB2EDEC7A76E}.Release_delaysign|Mixed Platforms.ActiveCfg = Release|Win32
		{4A7E5A93-19D8-4382-8950-FB2EDEC7A76E}.Release_delaysign|Mixed Platforms.Build.0 = Release|Win32
		{4A7E5A93-19D8-4382-8950-FB2EDEC7A76E}.Release_delaysign|Win32.ActiveCfg = release_static|Win32
		{4A7E5A93-19D8-4382-8950-FB2EDEC7A76E}.Release_delaysign|x64.ActiveCfg = Release|x64
		{4A7E5A93-19D8-4382-8950-FB2EDEC7A76E}.Release_delaysign|x64.Build.0 = Release|x64
		{4A7E5A93-19D8-4382-8950-FB2EDEC7A76E}.Release_delaysign|x86.ActiveCfg = release_static|x64
		{4A7E5A93-19D8-4382-8950-FB2EDEC7A76E}.release_mt|Any CPU.ActiveCfg = release_mt|Win32
		{4A7E5A93-19D8-4382-8950-FB2EDEC7A76E}.release_mt|Any CPU.Build.0 = release_mt|Win32
		{4A7E5A93-19D8-4382-8950-FB2EDEC7A76E}.release_mt|Mixed Platforms.ActiveCfg = release_mt|Win32
		{4A7E5A93-19D8-4382-8950-FB2EDEC7A76E}.release_mt|Mixed Platforms.Build.0 = release_mt|Win32
		{4A7E5A93-19D8-4382-8950-FB2EDEC7A76E}.release_mt|Win32.ActiveCfg = release_mt|Win32
		{4A7E5A93-19D8-4382-8950-FB2EDEC7A76E}.release_mt|Win32.Build.0 = release_mt|Win32
		{4A7E5A93-19D8-4382-8950-FB2EDEC7A76E}.release_mt|x64.ActiveCfg = release_mt|Win32
		{4A7E5A93-19D8-4382-8950-FB2EDEC7A76E}.release_mt|x86.ActiveCfg = release_mt|x64
		{4A7E5A93-19D8-4382-8950-FB2EDEC7A76E}.Release|Any CPU.ActiveCfg = Release|Win32
		{4A7E5A93-19D8-4382-8950-FB2EDEC7A76E}.Release|Any CPU.Build.0 = Release|Win32
		{4A7E5A93-19D8-4382-8950-FB2EDEC7A76E}.Release|Mixed Platforms.ActiveCfg = Release|Win32
		{4A7E5A93-19D8-4382-8950-FB2EDEC7A76E}.Release|Mixed Platforms.Build.0 = Release|Win32
		{4A7E5A93-19D8-4382-8950-FB2EDEC7A76E}.Release|Win32.ActiveCfg = Release|Win32
		{4A7E5A93-19D8-4382-8950-FB2EDEC7A76E}.Release|Win32.Build.0 = Release|Win32
		{4A7E5A93-19D8-4382-8950-FB2EDEC7A76E}.Release|x64.ActiveCfg = Release|x64
		{4A7E5A93-19D8-4382-8950-FB2EDEC7A76E}.Release|x64.Build.0 = Release|x64
		{4A7E5A93-19D8-4382-8950-FB2EDEC7A76E}.Release|x86.ActiveCfg = Release|x64
		{4A7E5A93-19D8-4382-8950-FB2EDEC7A76E}.Setup|Any CPU.ActiveCfg = smtcomp|x64
		{4A7E5A93-19D8-4382-8950-FB2EDEC7A76E}.Setup|Mixed Platforms.ActiveCfg = smtcomp|x64
		{4A7E5A93-19D8-4382-8950-FB2EDEC7A76E}.Setup|Mixed Platforms.Build.0 = smtcomp|x64
		{4A7E5A93-19D8-4382-8950-FB2EDEC7A76E}.Setup|Win32.ActiveCfg = smtcomp|x64
		{4A7E5A93-19D8-4382-8950-FB2EDEC7A76E}.Setup|x64.ActiveCfg = smtcomp|x64
		{4A7E5A93-19D8-4382-8950-FB2EDEC7A76E}.Setup|x64.Build.0 = smtcomp|x64
		{4A7E5A93-19D8-4382-8950-FB2EDEC7A76E}.Setup|x86.ActiveCfg = smtcomp|x64
		{4A7E5A93-19D8-4382-8950-FB2EDEC7A76E}.Trace|Any CPU.ActiveCfg = Trace|Win32
		{4A7E5A93-19D8-4382-8950-FB2EDEC7A76E}.Trace|Mixed Platforms.ActiveCfg = Trace|Win32
		{4A7E5A93-19D8-4382-8950-FB2EDEC7A76E}.Trace|Mixed Platforms.Build.0 = Trace|Win32
		{4A7E5A93-19D8-4382-8950-FB2EDEC7A76E}.Trace|Win32.ActiveCfg = Trace|Win32
		{4A7E5A93-19D8-4382-8950-FB2EDEC7A76E}.Trace|Win32.Build.0 = Trace|Win32
		{4A7E5A93-19D8-4382-8950-FB2EDEC7A76E}.Trace|x64.ActiveCfg = Trace|Win32
		{4A7E5A93-19D8-4382-8950-FB2EDEC7A76E}.Trace|x86.ActiveCfg = Trace|x64
		{BF547582-F16D-4BE5-B9AB-8B6A9364B447}.commercial|Any CPU.ActiveCfg = commercial|x64
		{BF547582-F16D-4BE5-B9AB-8B6A9364B447}.commercial|Mixed Platforms.ActiveCfg = commercial|Win32
		{BF547582-F16D-4BE5-B9AB-8B6A9364B447}.commercial|Mixed Platforms.Build.0 = commercial|Win32
		{BF547582-F16D-4BE5-B9AB-8B6A9364B447}.commercial|Win32.ActiveCfg = commercial|Win32
		{BF547582-F16D-4BE5-B9AB-8B6A9364B447}.commercial|Win32.Build.0 = commercial|Win32
		{BF547582-F16D-4BE5-B9AB-8B6A9364B447}.commercial|x64.ActiveCfg = commercial|x64
		{BF547582-F16D-4BE5-B9AB-8B6A9364B447}.commercial|x64.Build.0 = commercial|x64
		{BF547582-F16D-4BE5-B9AB-8B6A9364B447}.commercial|x86.ActiveCfg = commercial|x64
		{BF547582-F16D-4BE5-B9AB-8B6A9364B447}.debug_opt|Any CPU.ActiveCfg = debug_opt|Win32
		{BF547582-F16D-4BE5-B9AB-8B6A9364B447}.debug_opt|Mixed Platforms.ActiveCfg = debug_opt|Win32
		{BF547582-F16D-4BE5-B9AB-8B6A9364B447}.debug_opt|Mixed Platforms.Build.0 = debug_opt|Win32
		{BF547582-F16D-4BE5-B9AB-8B6A9364B447}.debug_opt|Win32.ActiveCfg = debug_opt|Win32
		{BF547582-F16D-4BE5-B9AB-8B6A9364B447}.debug_opt|Win32.Build.0 = debug_opt|Win32
		{BF547582-F16D-4BE5-B9AB-8B6A9364B447}.debug_opt|x64.ActiveCfg = debug_opt|Win32
		{BF547582-F16D-4BE5-B9AB-8B6A9364B447}.debug_opt|x86.ActiveCfg = debug_opt|x64
		{BF547582-F16D-4BE5-B9AB-8B6A9364B447}.Debug|Any CPU.ActiveCfg = Debug|Win32
		{BF547582-F16D-4BE5-B9AB-8B6A9364B447}.Debug|Any CPU.Build.0 = Debug|Win32
		{BF547582-F16D-4BE5-B9AB-8B6A9364B447}.Debug|Mixed Platforms.ActiveCfg = Debug|Win32
		{BF547582-F16D-4BE5-B9AB-8B6A9364B447}.Debug|Mixed Platforms.Build.0 = Debug|Win32
		{BF547582-F16D-4BE5-B9AB-8B6A9364B447}.Debug|Win32.ActiveCfg = Debug|Win32
		{BF547582-F16D-4BE5-B9AB-8B6A9364B447}.Debug|Win32.Build.0 = Debug|Win32
		{BF547582-F16D-4BE5-B9AB-8B6A9364B447}.Debug|x64.ActiveCfg = Debug|x64
		{BF547582-F16D-4BE5-B9AB-8B6A9364B447}.Debug|x64.Build.0 = Debug|x64
		{BF547582-F16D-4BE5-B9AB-8B6A9364B447}.Debug|x86.ActiveCfg = Debug|x64
		{BF547582-F16D-4BE5-B9AB-8B6A9364B447}.external_64|Any CPU.ActiveCfg = external_64|x64
		{BF547582-F16D-4BE5-B9AB-8B6A9364B447}.external_64|Mixed Platforms.ActiveCfg = external_64|x64
		{BF547582-F16D-4BE5-B9AB-8B6A9364B447}.external_64|Mixed Platforms.Build.0 = external_64|x64
		{BF547582-F16D-4BE5-B9AB-8B6A9364B447}.external_64|Win32.ActiveCfg = external_64|Win32
		{BF547582-F16D-4BE5-B9AB-8B6A9364B447}.external_64|x64.ActiveCfg = external_64|x64
		{BF547582-F16D-4BE5-B9AB-8B6A9364B447}.external_64|x64.Build.0 = external_64|x64
		{BF547582-F16D-4BE5-B9AB-8B6A9364B447}.external_64|x86.ActiveCfg = external_64|x64
		{BF547582-F16D-4BE5-B9AB-8B6A9364B447}.external_dbg|Any CPU.ActiveCfg = external_dbg|Win32
		{BF547582-F16D-4BE5-B9AB-8B6A9364B447}.external_dbg|Mixed Platforms.ActiveCfg = external_dbg|Win32
		{BF547582-F16D-4BE5-B9AB-8B6A9364B447}.external_dbg|Mixed Platforms.Build.0 = external_dbg|Win32
		{BF547582-F16D-4BE5-B9AB-8B6A9364B447}.external_dbg|Win32.ActiveCfg = external_dbg|Win32
		{BF547582-F16D-4BE5-B9AB-8B6A9364B447}.external_dbg|Win32.Build.0 = external_dbg|Win32
		{BF547582-F16D-4BE5-B9AB-8B6A9364B447}.external_dbg|x64.ActiveCfg = external_dbg|Win32
		{BF547582-F16D-4BE5-B9AB-8B6A9364B447}.external_dbg|x86.ActiveCfg = external_dbg|x64
		{BF547582-F16D-4BE5-B9AB-8B6A9364B447}.external|Any CPU.ActiveCfg = external|Win32
		{BF547582-F16D-4BE5-B9AB-8B6A9364B447}.external|Any CPU.Build.0 = external|Win32
		{BF547582-F16D-4BE5-B9AB-8B6A9364B447}.external|Mixed Platforms.ActiveCfg = external|Win32
		{BF547582-F16D-4BE5-B9AB-8B6A9364B447}.external|Mixed Platforms.Build.0 = external|Win32
		{BF547582-F16D-4BE5-B9AB-8B6A9364B447}.external|Win32.ActiveCfg = external|Win32
		{BF547582-F16D-4BE5-B9AB-8B6A9364B447}.external|Win32.Build.0 = external|Win32
		{BF547582-F16D-4BE5-B9AB-8B6A9364B447}.external|x64.ActiveCfg = external|Win32
		{BF547582-F16D-4BE5-B9AB-8B6A9364B447}.external|x86.ActiveCfg = external|x64
		{BF547582-F16D-4BE5-B9AB-8B6A9364B447}.Release_delaysign|Any CPU.ActiveCfg = release_static|x64
		{BF547582-F16D-4BE5-B9AB-8B6A9364B447}.Release_delaysign|Mixed Platforms.ActiveCfg = Release|Win32
		{BF547582-F16D-4BE5-B9AB-8B6A9364B447}.Release_delaysign|Mixed Platforms.Build.0 = Release|Win32
		{BF547582-F16D-4BE5-B9AB-8B6A9364B447}.Release_delaysign|Win32.ActiveCfg = release_static|x64
		{BF547582-F16D-4BE5-B9AB-8B6A9364B447}.Release_delaysign|x64.ActiveCfg = Release|x64
		{BF547582-F16D-4BE5-B9AB-8B6A9364B447}.Release_delaysign|x64.Build.0 = Release|x64
		{BF547582-F16D-4BE5-B9AB-8B6A9364B447}.Release_delaysign|x86.ActiveCfg = release_static|x64
		{BF547582-F16D-4BE5-B9AB-8B6A9364B447}.release_mt|Any CPU.ActiveCfg = release_mt|Win32
		{BF547582-F16D-4BE5-B9AB-8B6A9364B447}.release_mt|Any CPU.Build.0 = release_mt|Win32
		{BF547582-F16D-4BE5-B9AB-8B6A9364B447}.release_mt|Mixed Platforms.ActiveCfg = release_mt|Win32
		{BF547582-F16D-4BE5-B9AB-8B6A9364B447}.release_mt|Mixed Platforms.Build.0 = release_mt|Win32
		{BF547582-F16D-4BE5-B9AB-8B6A9364B447}.release_mt|Win32.ActiveCfg = release_mt|Win32
		{BF547582-F16D-4BE5-B9AB-8B6A9364B447}.release_mt|Win32.Build.0 = release_mt|Win32
		{BF547582-F16D-4BE5-B9AB-8B6A9364B447}.release_mt|x64.ActiveCfg = release_mt|Win32
		{BF547582-F16D-4BE5-B9AB-8B6A9364B447}.release_mt|x86.ActiveCfg = release_mt|x64
		{BF547582-F16D-4BE5-B9AB-8B6A9364B447}.Release|Any CPU.ActiveCfg = Release|Win32
		{BF547582-F16D-4BE5-B9AB-8B6A9364B447}.Release|Any CPU.Build.0 = Release|Win32
		{BF547582-F16D-4BE5-B9AB-8B6A9364B447}.Release|Mixed Platforms.ActiveCfg = Release|Win32
		{BF547582-F16D-4BE5-B9AB-8B6A9364B447}.Release|Mixed Platforms.Build.0 = Release|Win32
		{BF547582-F16D-4BE5-B9AB-8B6A9364B447}.Release|Win32.ActiveCfg = Release|Win32
		{BF547582-F16D-4BE5-B9AB-8B6A9364B447}.Release|Win32.Build.0 = Release|Win32
		{BF547582-F16D-4BE5-B9AB-8B6A9364B447}.Release|x64.ActiveCfg = Release|x64
		{BF547582-F16D-4BE5-B9AB-8B6A9364B447}.Release|x64.Build.0 = Release|x64
		{BF547582-F16D-4BE5-B9AB-8B6A9364B447}.Release|x86.ActiveCfg = Release|x64
		{BF547582-F16D-4BE5-B9AB-8B6A9364B447}.Setup|Any CPU.ActiveCfg = smtcomp|x64
		{BF547582-F16D-4BE5-B9AB-8B6A9364B447}.Setup|Mixed Platforms.ActiveCfg = smtcomp|x64
		{BF547582-F16D-4BE5-B9AB-8B6A9364B447}.Setup|Mixed Platforms.Build.0 = smtcomp|x64
		{BF547582-F16D-4BE5-B9AB-8B6A9364B447}.Setup|Win32.ActiveCfg = smtcomp|x64
		{BF547582-F16D-4BE5-B9AB-8B6A9364B447}.Setup|x64.ActiveCfg = smtcomp|x64
		{BF547582-F16D-4BE5-B9AB-8B6A9364B447}.Setup|x64.Build.0 = smtcomp|x64
		{BF547582-F16D-4BE5-B9AB-8B6A9364B447}.Setup|x86.ActiveCfg = smtcomp|x64
		{BF547582-F16D-4BE5-B9AB-8B6A9364B447}.Trace|Any CPU.ActiveCfg = Trace|Win32
		{BF547582-F16D-4BE5-B9AB-8B6A9364B447}.Trace|Mixed Platforms.ActiveCfg = Trace|Win32
		{BF547582-F16D-4BE5-B9AB-8B6A9364B447}.Trace|Mixed Platforms.Build.0 = Trace|Win32
		{BF547582-F16D-4BE5-B9AB-8B6A9364B447}.Trace|Win32.ActiveCfg = Trace|Win32
		{BF547582-F16D-4BE5-B9AB-8B6A9364B447}.Trace|Win32.Build.0 = Trace|Win32
		{BF547582-F16D-4BE5-B9AB-8B6A9364B447}.Trace|x64.ActiveCfg = Trace|Win32
		{BF547582-F16D-4BE5-B9AB-8B6A9364B447}.Trace|x86.ActiveCfg = Trace|x64
		{21A10ECD-32E2-4F27-A03D-81D855A048CC}.commercial|Any CPU.ActiveCfg = commercial|x64
		{21A10ECD-32E2-4F27-A03D-81D855A048CC}.commercial|Mixed Platforms.ActiveCfg = commercial|x64
		{21A10ECD-32E2-4F27-A03D-81D855A048CC}.commercial|Win32.ActiveCfg = commercial|Win32
		{21A10ECD-32E2-4F27-A03D-81D855A048CC}.commercial|x64.ActiveCfg = commercial|x64
		{21A10ECD-32E2-4F27-A03D-81D855A048CC}.commercial|x86.ActiveCfg = commercial|x64
		{21A10ECD-32E2-4F27-A03D-81D855A048CC}.debug_opt|Any CPU.ActiveCfg = Debug|Win32
		{21A10ECD-32E2-4F27-A03D-81D855A048CC}.debug_opt|Mixed Platforms.ActiveCfg = debug_opt|Win32
		{21A10ECD-32E2-4F27-A03D-81D855A048CC}.debug_opt|Mixed Platforms.Build.0 = debug_opt|Win32
		{21A10ECD-32E2-4F27-A03D-81D855A048CC}.debug_opt|Win32.ActiveCfg = Debug|Win32
		{21A10ECD-32E2-4F27-A03D-81D855A048CC}.debug_opt|x64.ActiveCfg = Debug|Win32
		{21A10ECD-32E2-4F27-A03D-81D855A048CC}.debug_opt|x86.ActiveCfg = debug_opt|x64
		{21A10ECD-32E2-4F27-A03D-81D855A048CC}.Debug|Any CPU.ActiveCfg = Debug|Win32
		{21A10ECD-32E2-4F27-A03D-81D855A048CC}.Debug|Any CPU.Build.0 = Debug|Win32
		{21A10ECD-32E2-4F27-A03D-81D855A048CC}.Debug|Mixed Platforms.ActiveCfg = Debug|Win32
		{21A10ECD-32E2-4F27-A03D-81D855A048CC}.Debug|Mixed Platforms.Build.0 = Debug|Win32
		{21A10ECD-32E2-4F27-A03D-81D855A048CC}.Debug|Win32.ActiveCfg = Debug|Win32
		{21A10ECD-32E2-4F27-A03D-81D855A048CC}.Debug|Win32.Build.0 = Debug|Win32
		{21A10ECD-32E2-4F27-A03D-81D855A048CC}.Debug|x64.ActiveCfg = Debug|x64
		{21A10ECD-32E2-4F27-A03D-81D855A048CC}.Debug|x64.Build.0 = Debug|x64
		{21A10ECD-32E2-4F27-A03D-81D855A048CC}.Debug|x86.ActiveCfg = Debug|x64
		{21A10ECD-32E2-4F27-A03D-81D855A048CC}.external_64|Any CPU.ActiveCfg = external_64|x64
		{21A10ECD-32E2-4F27-A03D-81D855A048CC}.external_64|Mixed Platforms.ActiveCfg = external_64|x64
		{21A10ECD-32E2-4F27-A03D-81D855A048CC}.external_64|Mixed Platforms.Build.0 = external_64|x64
		{21A10ECD-32E2-4F27-A03D-81D855A048CC}.external_64|Win32.ActiveCfg = external_64|Win32
		{21A10ECD-32E2-4F27-A03D-81D855A048CC}.external_64|x64.ActiveCfg = external_64|x64
		{21A10ECD-32E2-4F27-A03D-81D855A048CC}.external_64|x86.ActiveCfg = external_64|x64
		{21A10ECD-32E2-4F27-A03D-81D855A048CC}.external_dbg|Any CPU.ActiveCfg = external_dbg|Win32
		{21A10ECD-32E2-4F27-A03D-81D855A048CC}.external_dbg|Mixed Platforms.ActiveCfg = external_dbg|Win32
		{21A10ECD-32E2-4F27-A03D-81D855A048CC}.external_dbg|Win32.ActiveCfg = external_dbg|Win32
		{21A10ECD-32E2-4F27-A03D-81D855A048CC}.external_dbg|x64.ActiveCfg = external_dbg|Win32
		{21A10ECD-32E2-4F27-A03D-81D855A048CC}.external_dbg|x86.ActiveCfg = external_dbg|x64
		{21A10ECD-32E2-4F27-A03D-81D855A048CC}.external|Any CPU.ActiveCfg = external|Win32
		{21A10ECD-32E2-4F27-A03D-81D855A048CC}.external|Mixed Platforms.ActiveCfg = external|Win32
		{21A10ECD-32E2-4F27-A03D-81D855A048CC}.external|Win32.ActiveCfg = external|Win32
		{21A10ECD-32E2-4F27-A03D-81D855A048CC}.external|x64.ActiveCfg = external|Win32
		{21A10ECD-32E2-4F27-A03D-81D855A048CC}.external|x86.ActiveCfg = external|x64
		{21A10ECD-32E2-4F27-A03D-81D855A048CC}.Release_delaysign|Any CPU.ActiveCfg = Release|Win32
		{21A10ECD-32E2-4F27-A03D-81D855A048CC}.Release_delaysign|Mixed Platforms.ActiveCfg = Release|Win32
		{21A10ECD-32E2-4F27-A03D-81D855A048CC}.Release_delaysign|Win32.ActiveCfg = Release|Win32
		{21A10ECD-32E2-4F27-A03D-81D855A048CC}.Release_delaysign|x64.ActiveCfg = release_delaysign|x64
		{21A10ECD-32E2-4F27-A03D-81D855A048CC}.Release_delaysign|x86.ActiveCfg = release_delaysign|x64
		{21A10ECD-32E2-4F27-A03D-81D855A048CC}.release_mt|Any CPU.ActiveCfg = release_mt|Win32
		{21A10ECD-32E2-4F27-A03D-81D855A048CC}.release_mt|Mixed Platforms.ActiveCfg = release_mt|Win32
		{21A10ECD-32E2-4F27-A03D-81D855A048CC}.release_mt|Win32.ActiveCfg = release_mt|Win32
		{21A10ECD-32E2-4F27-A03D-81D855A048CC}.release_mt|x64.ActiveCfg = release_mt|Win32
		{21A10ECD-32E2-4F27-A03D-81D855A048CC}.release_mt|x86.ActiveCfg = release_mt|x64
		{21A10ECD-32E2-4F27-A03D-81D855A048CC}.Release|Any CPU.ActiveCfg = Release|Win32
		{21A10ECD-32E2-4F27-A03D-81D855A048CC}.Release|Mixed Platforms.ActiveCfg = Release|Win32
		{21A10ECD-32E2-4F27-A03D-81D855A048CC}.Release|Mixed Platforms.Build.0 = Release|Win32
		{21A10ECD-32E2-4F27-A03D-81D855A048CC}.Release|Win32.ActiveCfg = Release|Win32
		{21A10ECD-32E2-4F27-A03D-81D855A048CC}.Release|Win32.Build.0 = Release|Win32
		{21A10ECD-32E2-4F27-A03D-81D855A048CC}.Release|x64.ActiveCfg = Release|x64
		{21A10ECD-32E2-4F27-A03D-81D855A048CC}.Release|x64.Build.0 = Release|x64
		{21A10ECD-32E2-4F27-A03D-81D855A048CC}.Release|x86.ActiveCfg = Release|x64
		{21A10ECD-32E2-4F27-A03D-81D855A048CC}.Setup|Any CPU.ActiveCfg = smtcomp|x64
		{21A10ECD-32E2-4F27-A03D-81D855A048CC}.Setup|Mixed Platforms.ActiveCfg = smtcomp|x64
		{21A10ECD-32E2-4F27-A03D-81D855A048CC}.Setup|Mixed Platforms.Build.0 = smtcomp|x64
		{21A10ECD-32E2-4F27-A03D-81D855A048CC}.Setup|Win32.ActiveCfg = smtcomp|x64
		{21A10ECD-32E2-4F27-A03D-81D855A048CC}.Setup|x64.ActiveCfg = smtcomp|x64
		{21A10ECD-32E2-4F27-A03D-81D855A048CC}.Setup|x64.Build.0 = smtcomp|x64
		{21A10ECD-32E2-4F27-A03D-81D855A048CC}.Setup|x86.ActiveCfg = smtcomp|x64
		{21A10ECD-32E2-4F27-A03D-81D855A048CC}.Trace|Any CPU.ActiveCfg = Trace|Win32
		{21A10ECD-32E2-4F27-A03D-81D855A048CC}.Trace|Mixed Platforms.ActiveCfg = Trace|Win32
		{21A10ECD-32E2-4F27-A03D-81D855A048CC}.Trace|Mixed Platforms.Build.0 = Trace|Win32
		{21A10ECD-32E2-4F27-A03D-81D855A048CC}.Trace|Win32.ActiveCfg = Trace|Win32
		{21A10ECD-32E2-4F27-A03D-81D855A048CC}.Trace|Win32.Build.0 = Trace|Win32
		{21A10ECD-32E2-4F27-A03D-81D855A048CC}.Trace|x64.ActiveCfg = Trace|Win32
		{21A10ECD-32E2-4F27-A03D-81D855A048CC}.Trace|x86.ActiveCfg = Trace|x64
		{9E76526D-EDA2-4B88-9616-A8FC08F31071}.commercial|Any CPU.ActiveCfg = commercial|x64
		{9E76526D-EDA2-4B88-9616-A8FC08F31071}.commercial|Mixed Platforms.ActiveCfg = commercial|x64
		{9E76526D-EDA2-4B88-9616-A8FC08F31071}.commercial|Win32.ActiveCfg = commercial|Win32
		{9E76526D-EDA2-4B88-9616-A8FC08F31071}.commercial|x64.ActiveCfg = commercial|x64
		{9E76526D-EDA2-4B88-9616-A8FC08F31071}.commercial|x86.ActiveCfg = commercial|x64
		{9E76526D-EDA2-4B88-9616-A8FC08F31071}.debug_opt|Any CPU.ActiveCfg = Debug|Win32
		{9E76526D-EDA2-4B88-9616-A8FC08F31071}.debug_opt|Mixed Platforms.ActiveCfg = debug_opt|Win32
		{9E76526D-EDA2-4B88-9616-A8FC08F31071}.debug_opt|Win32.ActiveCfg = Debug|Win32
		{9E76526D-EDA2-4B88-9616-A8FC08F31071}.debug_opt|Win32.Build.0 = Debug|Win32
		{9E76526D-EDA2-4B88-9616-A8FC08F31071}.debug_opt|x64.ActiveCfg = Debug|Win32
		{9E76526D-EDA2-4B88-9616-A8FC08F31071}.debug_opt|x86.ActiveCfg = debug_opt|x64
		{9E76526D-EDA2-4B88-9616-A8FC08F31071}.Debug|Any CPU.ActiveCfg = Debug|Win32
		{9E76526D-EDA2-4B88-9616-A8FC08F31071}.Debug|Mixed Platforms.ActiveCfg = Debug|Win32
		{9E76526D-EDA2-4B88-9616-A8FC08F31071}.Debug|Mixed Platforms.Build.0 = Debug|Win32
		{9E76526D-EDA2-4B88-9616-A8FC08F31071}.Debug|Win32.ActiveCfg = Debug|Win32
		{9E76526D-EDA2-4B88-9616-A8FC08F31071}.Debug|Win32.Build.0 = Debug|Win32
		{9E76526D-EDA2-4B88-9616-A8FC08F31071}.Debug|x64.ActiveCfg = Debug|x64
		{9E76526D-EDA2-4B88-9616-A8FC08F31071}.Debug|x64.Build.0 = Debug|x64
		{9E76526D-EDA2-4B88-9616-A8FC08F31071}.Debug|x86.ActiveCfg = Debug|x64
		{9E76526D-EDA2-4B88-9616-A8FC08F31071}.external_64|Any CPU.ActiveCfg = external_64|x64
		{9E76526D-EDA2-4B88-9616-A8FC08F31071}.external_64|Mixed Platforms.ActiveCfg = external_64|x64
		{9E76526D-EDA2-4B88-9616-A8FC08F31071}.external_64|Mixed Platforms.Build.0 = external_64|x64
		{9E76526D-EDA2-4B88-9616-A8FC08F31071}.external_64|Win32.ActiveCfg = external_64|Win32
		{9E76526D-EDA2-4B88-9616-A8FC08F31071}.external_64|x64.ActiveCfg = external_64|x64
		{9E76526D-EDA2-4B88-9616-A8FC08F31071}.external_64|x86.ActiveCfg = external_64|x64
		{9E76526D-EDA2-4B88-9616-A8FC08F31071}.external_dbg|Any CPU.ActiveCfg = external_dbg|Win32
		{9E76526D-EDA2-4B88-9616-A8FC08F31071}.external_dbg|Mixed Platforms.ActiveCfg = external_dbg|Win32
		{9E76526D-EDA2-4B88-9616-A8FC08F31071}.external_dbg|Win32.ActiveCfg = external_dbg|Win32
		{9E76526D-EDA2-4B88-9616-A8FC08F31071}.external_dbg|Win32.Build.0 = external_dbg|Win32
		{9E76526D-EDA2-4B88-9616-A8FC08F31071}.external_dbg|x64.ActiveCfg = external_dbg|Win32
		{9E76526D-EDA2-4B88-9616-A8FC08F31071}.external_dbg|x86.ActiveCfg = external_dbg|x64
		{9E76526D-EDA2-4B88-9616-A8FC08F31071}.external|Any CPU.ActiveCfg = Release|Win32
		{9E76526D-EDA2-4B88-9616-A8FC08F31071}.external|Mixed Platforms.ActiveCfg = Release|Win32
		{9E76526D-EDA2-4B88-9616-A8FC08F31071}.external|Win32.ActiveCfg = Release|Win32
		{9E76526D-EDA2-4B88-9616-A8FC08F31071}.external|x64.ActiveCfg = Release|Win32
		{9E76526D-EDA2-4B88-9616-A8FC08F31071}.external|x86.ActiveCfg = external_parallel|x64
		{9E76526D-EDA2-4B88-9616-A8FC08F31071}.Release_delaysign|Any CPU.ActiveCfg = release_static|x64
		{9E76526D-EDA2-4B88-9616-A8FC08F31071}.Release_delaysign|Mixed Platforms.ActiveCfg = Release|Win32
		{9E76526D-EDA2-4B88-9616-A8FC08F31071}.Release_delaysign|Win32.ActiveCfg = release_static|x64
		{9E76526D-EDA2-4B88-9616-A8FC08F31071}.Release_delaysign|x64.ActiveCfg = release_static|x64
		{9E76526D-EDA2-4B88-9616-A8FC08F31071}.Release_delaysign|x86.ActiveCfg = release_static|x64
		{9E76526D-EDA2-4B88-9616-A8FC08F31071}.release_mt|Any CPU.ActiveCfg = Release|Win32
		{9E76526D-EDA2-4B88-9616-A8FC08F31071}.release_mt|Mixed Platforms.ActiveCfg = release_mt|Win32
		{9E76526D-EDA2-4B88-9616-A8FC08F31071}.release_mt|Win32.ActiveCfg = release_mt|Win32
		{9E76526D-EDA2-4B88-9616-A8FC08F31071}.release_mt|x64.ActiveCfg = Release|Win32
		{9E76526D-EDA2-4B88-9616-A8FC08F31071}.release_mt|x86.ActiveCfg = release_mt|x64
		{9E76526D-EDA2-4B88-9616-A8FC08F31071}.Release|Any CPU.ActiveCfg = Release|Win32
		{9E76526D-EDA2-4B88-9616-A8FC08F31071}.Release|Mixed Platforms.ActiveCfg = Release|Win32
		{9E76526D-EDA2-4B88-9616-A8FC08F31071}.Release|Mixed Platforms.Build.0 = Release|Win32
		{9E76526D-EDA2-4B88-9616-A8FC08F31071}.Release|Win32.ActiveCfg = Release|Win32
		{9E76526D-EDA2-4B88-9616-A8FC08F31071}.Release|Win32.Build.0 = Release|Win32
		{9E76526D-EDA2-4B88-9616-A8FC08F31071}.Release|x64.ActiveCfg = Release|Win32
		{9E76526D-EDA2-4B88-9616-A8FC08F31071}.Release|x86.ActiveCfg = Release|x64
		{9E76526D-EDA2-4B88-9616-A8FC08F31071}.Setup|Any CPU.ActiveCfg = smtcomp|x64
		{9E76526D-EDA2-4B88-9616-A8FC08F31071}.Setup|Mixed Platforms.ActiveCfg = smtcomp|x64
		{9E76526D-EDA2-4B88-9616-A8FC08F31071}.Setup|Mixed Platforms.Build.0 = smtcomp|x64
		{9E76526D-EDA2-4B88-9616-A8FC08F31071}.Setup|Win32.ActiveCfg = smtcomp|x64
		{9E76526D-EDA2-4B88-9616-A8FC08F31071}.Setup|x64.ActiveCfg = smtcomp|x64
		{9E76526D-EDA2-4B88-9616-A8FC08F31071}.Setup|x64.Build.0 = smtcomp|x64
		{9E76526D-EDA2-4B88-9616-A8FC08F31071}.Setup|x86.ActiveCfg = smtcomp|x64
		{9E76526D-EDA2-4B88-9616-A8FC08F31071}.Trace|Any CPU.ActiveCfg = Release|Win32
		{9E76526D-EDA2-4B88-9616-A8FC08F31071}.Trace|Mixed Platforms.ActiveCfg = Release|Win32
		{9E76526D-EDA2-4B88-9616-A8FC08F31071}.Trace|Win32.ActiveCfg = Release|Win32
		{9E76526D-EDA2-4B88-9616-A8FC08F31071}.Trace|x64.ActiveCfg = Release|Win32
		{9E76526D-EDA2-4B88-9616-A8FC08F31071}.Trace|x86.ActiveCfg = commercial|x64
		{0BF8CB94-61C7-4545-AE55-C58D858AA8B6}.commercial|Any CPU.ActiveCfg = commercial|x64
		{0BF8CB94-61C7-4545-AE55-C58D858AA8B6}.commercial|Mixed Platforms.ActiveCfg = commercial|Win32
		{0BF8CB94-61C7-4545-AE55-C58D858AA8B6}.commercial|Mixed Platforms.Build.0 = commercial|Win32
		{0BF8CB94-61C7-4545-AE55-C58D858AA8B6}.commercial|Win32.ActiveCfg = commercial|Win32
		{0BF8CB94-61C7-4545-AE55-C58D858AA8B6}.commercial|Win32.Build.0 = commercial|Win32
		{0BF8CB94-61C7-4545-AE55-C58D858AA8B6}.commercial|x64.ActiveCfg = commercial|x64
		{0BF8CB94-61C7-4545-AE55-C58D858AA8B6}.commercial|x64.Build.0 = commercial|x64
		{0BF8CB94-61C7-4545-AE55-C58D858AA8B6}.commercial|x86.ActiveCfg = commercial|x64
		{0BF8CB94-61C7-4545-AE55-C58D858AA8B6}.debug_opt|Any CPU.ActiveCfg = Debug|Win32
		{0BF8CB94-61C7-4545-AE55-C58D858AA8B6}.debug_opt|Mixed Platforms.ActiveCfg = Debug|Win32
		{0BF8CB94-61C7-4545-AE55-C58D858AA8B6}.debug_opt|Win32.ActiveCfg = Debug|Win32
		{0BF8CB94-61C7-4545-AE55-C58D858AA8B6}.debug_opt|Win32.Build.0 = Debug|Win32
		{0BF8CB94-61C7-4545-AE55-C58D858AA8B6}.debug_opt|x64.ActiveCfg = Debug|Win32
		{0BF8CB94-61C7-4545-AE55-C58D858AA8B6}.debug_opt|x86.ActiveCfg = Debug|x64
		{0BF8CB94-61C7-4545-AE55-C58D858AA8B6}.Debug|Any CPU.ActiveCfg = Debug|Win32
		{0BF8CB94-61C7-4545-AE55-C58D858AA8B6}.Debug|Any CPU.Build.0 = Debug|Win32
		{0BF8CB94-61C7-4545-AE55-C58D858AA8B6}.Debug|Mixed Platforms.ActiveCfg = Debug|Win32
		{0BF8CB94-61C7-4545-AE55-C58D858AA8B6}.Debug|Mixed Platforms.Build.0 = Debug|Win32
		{0BF8CB94-61C7-4545-AE55-C58D858AA8B6}.Debug|Win32.ActiveCfg = Debug|Win32
		{0BF8CB94-61C7-4545-AE55-C58D858AA8B6}.Debug|Win32.Build.0 = Debug|Win32
		{0BF8CB94-61C7-4545-AE55-C58D858AA8B6}.Debug|x64.ActiveCfg = Debug|x64
		{0BF8CB94-61C7-4545-AE55-C58D858AA8B6}.Debug|x64.Build.0 = Debug|x64
		{0BF8CB94-61C7-4545-AE55-C58D858AA8B6}.Debug|x86.ActiveCfg = Debug|x64
		{0BF8CB94-61C7-4545-AE55-C58D858AA8B6}.external_64|Any CPU.ActiveCfg = external_64|x64
		{0BF8CB94-61C7-4545-AE55-C58D858AA8B6}.external_64|Mixed Platforms.ActiveCfg = external_64|x64
		{0BF8CB94-61C7-4545-AE55-C58D858AA8B6}.external_64|Mixed Platforms.Build.0 = external_64|x64
		{0BF8CB94-61C7-4545-AE55-C58D858AA8B6}.external_64|Win32.ActiveCfg = external_64|Win32
		{0BF8CB94-61C7-4545-AE55-C58D858AA8B6}.external_64|x64.ActiveCfg = external_64|x64
		{0BF8CB94-61C7-4545-AE55-C58D858AA8B6}.external_64|x64.Build.0 = external_64|x64
		{0BF8CB94-61C7-4545-AE55-C58D858AA8B6}.external_64|x86.ActiveCfg = external_64|x64
		{0BF8CB94-61C7-4545-AE55-C58D858AA8B6}.external_dbg|Any CPU.ActiveCfg = external_dbg|Win32
		{0BF8CB94-61C7-4545-AE55-C58D858AA8B6}.external_dbg|Any CPU.Build.0 = external_dbg|Win32
		{0BF8CB94-61C7-4545-AE55-C58D858AA8B6}.external_dbg|Mixed Platforms.ActiveCfg = external_dbg|Win32
		{0BF8CB94-61C7-4545-AE55-C58D858AA8B6}.external_dbg|Mixed Platforms.Build.0 = external_dbg|Win32
		{0BF8CB94-61C7-4545-AE55-C58D858AA8B6}.external_dbg|Win32.ActiveCfg = external_dbg|Win32
		{0BF8CB94-61C7-4545-AE55-C58D858AA8B6}.external_dbg|Win32.Build.0 = external_dbg|Win32
		{0BF8CB94-61C7-4545-AE55-C58D858AA8B6}.external_dbg|x64.ActiveCfg = external_dbg|Win32
		{0BF8CB94-61C7-4545-AE55-C58D858AA8B6}.external_dbg|x86.ActiveCfg = external_dbg|x64
		{0BF8CB94-61C7-4545-AE55-C58D858AA8B6}.external|Any CPU.ActiveCfg = external|Win32
		{0BF8CB94-61C7-4545-AE55-C58D858AA8B6}.external|Any CPU.Build.0 = external|Win32
		{0BF8CB94-61C7-4545-AE55-C58D858AA8B6}.external|Mixed Platforms.ActiveCfg = external|Win32
		{0BF8CB94-61C7-4545-AE55-C58D858AA8B6}.external|Mixed Platforms.Build.0 = external|Win32
		{0BF8CB94-61C7-4545-AE55-C58D858AA8B6}.external|Win32.ActiveCfg = external|Win32
		{0BF8CB94-61C7-4545-AE55-C58D858AA8B6}.external|Win32.Build.0 = external|Win32
		{0BF8CB94-61C7-4545-AE55-C58D858AA8B6}.external|x64.ActiveCfg = Release|Win32
		{0BF8CB94-61C7-4545-AE55-C58D858AA8B6}.external|x86.ActiveCfg = external|x64
		{0BF8CB94-61C7-4545-AE55-C58D858AA8B6}.Release_delaysign|Any CPU.ActiveCfg = Release|Win32
		{0BF8CB94-61C7-4545-AE55-C58D858AA8B6}.Release_delaysign|Mixed Platforms.ActiveCfg = Release|Win32
		{0BF8CB94-61C7-4545-AE55-C58D858AA8B6}.Release_delaysign|Win32.ActiveCfg = release_static|Win32
		{0BF8CB94-61C7-4545-AE55-C58D858AA8B6}.Release_delaysign|x64.ActiveCfg = Release|x64
		{0BF8CB94-61C7-4545-AE55-C58D858AA8B6}.Release_delaysign|x64.Build.0 = Release|x64
		{0BF8CB94-61C7-4545-AE55-C58D858AA8B6}.Release_delaysign|x86.ActiveCfg = release_static|x64
		{0BF8CB94-61C7-4545-AE55-C58D858AA8B6}.release_mt|Any CPU.ActiveCfg = release_mt|Win32
		{0BF8CB94-61C7-4545-AE55-C58D858AA8B6}.release_mt|Any CPU.Build.0 = release_mt|Win32
		{0BF8CB94-61C7-4545-AE55-C58D858AA8B6}.release_mt|Mixed Platforms.ActiveCfg = release_mt|Win32
		{0BF8CB94-61C7-4545-AE55-C58D858AA8B6}.release_mt|Mixed Platforms.Build.0 = release_mt|Win32
		{0BF8CB94-61C7-4545-AE55-C58D858AA8B6}.release_mt|Win32.ActiveCfg = release_mt|Win32
		{0BF8CB94-61C7-4545-AE55-C58D858AA8B6}.release_mt|Win32.Build.0 = release_mt|Win32
		{0BF8CB94-61C7-4545-AE55-C58D858AA8B6}.release_mt|x64.ActiveCfg = Release|Win32
		{0BF8CB94-61C7-4545-AE55-C58D858AA8B6}.release_mt|x86.ActiveCfg = release_mt|x64
		{0BF8CB94-61C7-4545-AE55-C58D858AA8B6}.Release|Any CPU.ActiveCfg = Release|Win32
		{0BF8CB94-61C7-4545-AE55-C58D858AA8B6}.Release|Any CPU.Build.0 = Release|Win32
		{0BF8CB94-61C7-4545-AE55-C58D858AA8B6}.Release|Mixed Platforms.ActiveCfg = Release|Win32
		{0BF8CB94-61C7-4545-AE55-C58D858AA8B6}.Release|Mixed Platforms.Build.0 = Release|Win32
		{0BF8CB94-61C7-4545-AE55-C58D858AA8B6}.Release|Win32.ActiveCfg = Release|Win32
		{0BF8CB94-61C7-4545-AE55-C58D858AA8B6}.Release|Win32.Build.0 = Release|Win32
		{0BF8CB94-61C7-4545-AE55-C58D858AA8B6}.Release|x64.ActiveCfg = Release|x64
		{0BF8CB94-61C7-4545-AE55-C58D858AA8B6}.Release|x64.Build.0 = Release|x64
		{0BF8CB94-61C7-4545-AE55-C58D858AA8B6}.Release|x86.ActiveCfg = Release|x64
		{0BF8CB94-61C7-4545-AE55-C58D858AA8B6}.Setup|Any CPU.ActiveCfg = smtcomp|x64
		{0BF8CB94-61C7-4545-AE55-C58D858AA8B6}.Setup|Mixed Platforms.ActiveCfg = smtcomp|x64
		{0BF8CB94-61C7-4545-AE55-C58D858AA8B6}.Setup|Mixed Platforms.Build.0 = smtcomp|x64
		{0BF8CB94-61C7-4545-AE55-C58D858AA8B6}.Setup|Win32.ActiveCfg = smtcomp|x64
		{0BF8CB94-61C7-4545-AE55-C58D858AA8B6}.Setup|x64.ActiveCfg = smtcomp|x64
		{0BF8CB94-61C7-4545-AE55-C58D858AA8B6}.Setup|x64.Build.0 = smtcomp|x64
		{0BF8CB94-61C7-4545-AE55-C58D858AA8B6}.Setup|x86.ActiveCfg = smtcomp|x64
		{0BF8CB94-61C7-4545-AE55-C58D858AA8B6}.Trace|Any CPU.ActiveCfg = Release|Win32
		{0BF8CB94-61C7-4545-AE55-C58D858AA8B6}.Trace|Mixed Platforms.ActiveCfg = Release|Win32
		{0BF8CB94-61C7-4545-AE55-C58D858AA8B6}.Trace|Win32.ActiveCfg = trace|Win32
		{0BF8CB94-61C7-4545-AE55-C58D858AA8B6}.Trace|Win32.Build.0 = trace|Win32
		{0BF8CB94-61C7-4545-AE55-C58D858AA8B6}.Trace|x64.ActiveCfg = Release|Win32
		{0BF8CB94-61C7-4545-AE55-C58D858AA8B6}.Trace|x86.ActiveCfg = trace|x64
		{F008F2C4-D652-4A58-8DEF-DB83E2355454}.commercial|Any CPU.ActiveCfg = commercial|x64
		{F008F2C4-D652-4A58-8DEF-DB83E2355454}.commercial|Mixed Platforms.ActiveCfg = commercial|Win32
		{F008F2C4-D652-4A58-8DEF-DB83E2355454}.commercial|Mixed Platforms.Build.0 = commercial|Win32
		{F008F2C4-D652-4A58-8DEF-DB83E2355454}.commercial|Win32.ActiveCfg = commercial|Win32
		{F008F2C4-D652-4A58-8DEF-DB83E2355454}.commercial|Win32.Build.0 = commercial|Win32
		{F008F2C4-D652-4A58-8DEF-DB83E2355454}.commercial|x64.ActiveCfg = commercial|x64
		{F008F2C4-D652-4A58-8DEF-DB83E2355454}.commercial|x64.Build.0 = commercial|x64
		{F008F2C4-D652-4A58-8DEF-DB83E2355454}.commercial|x86.ActiveCfg = commercial|x64
		{F008F2C4-D652-4A58-8DEF-DB83E2355454}.debug_opt|Any CPU.ActiveCfg = debug_opt|Win32
		{F008F2C4-D652-4A58-8DEF-DB83E2355454}.debug_opt|Mixed Platforms.ActiveCfg = debug_opt|Win32
		{F008F2C4-D652-4A58-8DEF-DB83E2355454}.debug_opt|Mixed Platforms.Build.0 = debug_opt|Win32
		{F008F2C4-D652-4A58-8DEF-DB83E2355454}.debug_opt|Win32.ActiveCfg = debug_opt|Win32
		{F008F2C4-D652-4A58-8DEF-DB83E2355454}.debug_opt|Win32.Build.0 = debug_opt|Win32
		{F008F2C4-D652-4A58-8DEF-DB83E2355454}.debug_opt|x64.ActiveCfg = debug_opt|Win32
		{F008F2C4-D652-4A58-8DEF-DB83E2355454}.debug_opt|x86.ActiveCfg = debug_opt|x64
		{F008F2C4-D652-4A58-8DEF-DB83E2355454}.Debug|Any CPU.ActiveCfg = Debug|Win32
		{F008F2C4-D652-4A58-8DEF-DB83E2355454}.Debug|Any CPU.Build.0 = Debug|Win32
		{F008F2C4-D652-4A58-8DEF-DB83E2355454}.Debug|Mixed Platforms.ActiveCfg = Debug|Win32
		{F008F2C4-D652-4A58-8DEF-DB83E2355454}.Debug|Mixed Platforms.Build.0 = Debug|Win32
		{F008F2C4-D652-4A58-8DEF-DB83E2355454}.Debug|Win32.ActiveCfg = Debug|Win32
		{F008F2C4-D652-4A58-8DEF-DB83E2355454}.Debug|Win32.Build.0 = Debug|Win32
		{F008F2C4-D652-4A58-8DEF-DB83E2355454}.Debug|x64.ActiveCfg = Debug|x64
		{F008F2C4-D652-4A58-8DEF-DB83E2355454}.Debug|x64.Build.0 = Debug|x64
		{F008F2C4-D652-4A58-8DEF-DB83E2355454}.Debug|x86.ActiveCfg = Debug|x64
		{F008F2C4-D652-4A58-8DEF-DB83E2355454}.external_64|Any CPU.ActiveCfg = external_64|Win32
		{F008F2C4-D652-4A58-8DEF-DB83E2355454}.external_64|Mixed Platforms.ActiveCfg = external_64|Win32
		{F008F2C4-D652-4A58-8DEF-DB83E2355454}.external_64|Mixed Platforms.Build.0 = external_64|Win32
		{F008F2C4-D652-4A58-8DEF-DB83E2355454}.external_64|Win32.ActiveCfg = external_64|Win32
		{F008F2C4-D652-4A58-8DEF-DB83E2355454}.external_64|Win32.Build.0 = external_64|Win32
		{F008F2C4-D652-4A58-8DEF-DB83E2355454}.external_64|x64.ActiveCfg = external_64|x64
		{F008F2C4-D652-4A58-8DEF-DB83E2355454}.external_64|x64.Build.0 = external_64|x64
		{F008F2C4-D652-4A58-8DEF-DB83E2355454}.external_64|x86.ActiveCfg = external_64|x64
		{F008F2C4-D652-4A58-8DEF-DB83E2355454}.external_dbg|Any CPU.ActiveCfg = external_dbg|Win32
		{F008F2C4-D652-4A58-8DEF-DB83E2355454}.external_dbg|Mixed Platforms.ActiveCfg = external_dbg|Win32
		{F008F2C4-D652-4A58-8DEF-DB83E2355454}.external_dbg|Mixed Platforms.Build.0 = external_dbg|Win32
		{F008F2C4-D652-4A58-8DEF-DB83E2355454}.external_dbg|Win32.ActiveCfg = external_dbg|Win32
		{F008F2C4-D652-4A58-8DEF-DB83E2355454}.external_dbg|Win32.Build.0 = external_dbg|Win32
		{F008F2C4-D652-4A58-8DEF-DB83E2355454}.external_dbg|x64.ActiveCfg = external_dbg|Win32
		{F008F2C4-D652-4A58-8DEF-DB83E2355454}.external_dbg|x86.ActiveCfg = external_dbg|x64
		{F008F2C4-D652-4A58-8DEF-DB83E2355454}.external|Any CPU.ActiveCfg = external|Win32
		{F008F2C4-D652-4A58-8DEF-DB83E2355454}.external|Any CPU.Build.0 = external|Win32
		{F008F2C4-D652-4A58-8DEF-DB83E2355454}.external|Mixed Platforms.ActiveCfg = external|Win32
		{F008F2C4-D652-4A58-8DEF-DB83E2355454}.external|Mixed Platforms.Build.0 = external|Win32
		{F008F2C4-D652-4A58-8DEF-DB83E2355454}.external|Win32.ActiveCfg = external|Win32
		{F008F2C4-D652-4A58-8DEF-DB83E2355454}.external|Win32.Build.0 = external|Win32
		{F008F2C4-D652-4A58-8DEF-DB83E2355454}.external|x64.ActiveCfg = external|Win32
		{F008F2C4-D652-4A58-8DEF-DB83E2355454}.external|x86.ActiveCfg = external|x64
		{F008F2C4-D652-4A58-8DEF-DB83E2355454}.Release_delaysign|Any CPU.ActiveCfg = Release_delaysign|Win32
		{F008F2C4-D652-4A58-8DEF-DB83E2355454}.Release_delaysign|Mixed Platforms.ActiveCfg = Release_delaysign|Win32
		{F008F2C4-D652-4A58-8DEF-DB83E2355454}.Release_delaysign|Mixed Platforms.Build.0 = Release_delaysign|Win32
		{F008F2C4-D652-4A58-8DEF-DB83E2355454}.Release_delaysign|Win32.ActiveCfg = Release_delaysign|Win32
		{F008F2C4-D652-4A58-8DEF-DB83E2355454}.Release_delaysign|x64.ActiveCfg = Release_delaysign|x64
		{F008F2C4-D652-4A58-8DEF-DB83E2355454}.Release_delaysign|x64.Build.0 = Release_delaysign|x64
		{F008F2C4-D652-4A58-8DEF-DB83E2355454}.Release_delaysign|x86.ActiveCfg = Release_delaysign|x64
		{F008F2C4-D652-4A58-8DEF-DB83E2355454}.release_mt|Any CPU.ActiveCfg = release_mt|Win32
		{F008F2C4-D652-4A58-8DEF-DB83E2355454}.release_mt|Mixed Platforms.ActiveCfg = release_mt|Win32
		{F008F2C4-D652-4A58-8DEF-DB83E2355454}.release_mt|Win32.ActiveCfg = release_mt|Win32
		{F008F2C4-D652-4A58-8DEF-DB83E2355454}.release_mt|x64.ActiveCfg = release_mt|Win32
		{F008F2C4-D652-4A58-8DEF-DB83E2355454}.release_mt|x64.Build.0 = release_mt|Win32
		{F008F2C4-D652-4A58-8DEF-DB83E2355454}.release_mt|x86.ActiveCfg = release_mt|x64
		{F008F2C4-D652-4A58-8DEF-DB83E2355454}.Release|Any CPU.ActiveCfg = Release|Win32
		{F008F2C4-D652-4A58-8DEF-DB83E2355454}.Release|Any CPU.Build.0 = Release|Win32
		{F008F2C4-D652-4A58-8DEF-DB83E2355454}.Release|Mixed Platforms.ActiveCfg = Release|Win32
		{F008F2C4-D652-4A58-8DEF-DB83E2355454}.Release|Mixed Platforms.Build.0 = Release|Win32
		{F008F2C4-D652-4A58-8DEF-DB83E2355454}.Release|Win32.ActiveCfg = Release|Win32
		{F008F2C4-D652-4A58-8DEF-DB83E2355454}.Release|Win32.Build.0 = Release|Win32
		{F008F2C4-D652-4A58-8DEF-DB83E2355454}.Release|x64.ActiveCfg = Release|x64
		{F008F2C4-D652-4A58-8DEF-DB83E2355454}.Release|x64.Build.0 = Release|x64
		{F008F2C4-D652-4A58-8DEF-DB83E2355454}.Release|x86.ActiveCfg = Release|x64
		{F008F2C4-D652-4A58-8DEF-DB83E2355454}.Setup|Any CPU.ActiveCfg = smtcomp|x64
		{F008F2C4-D652-4A58-8DEF-DB83E2355454}.Setup|Mixed Platforms.ActiveCfg = smtcomp|x64
		{F008F2C4-D652-4A58-8DEF-DB83E2355454}.Setup|Mixed Platforms.Build.0 = smtcomp|x64
		{F008F2C4-D652-4A58-8DEF-DB83E2355454}.Setup|Win32.ActiveCfg = smtcomp|x64
		{F008F2C4-D652-4A58-8DEF-DB83E2355454}.Setup|x64.ActiveCfg = smtcomp|x64
		{F008F2C4-D652-4A58-8DEF-DB83E2355454}.Setup|x64.Build.0 = smtcomp|x64
		{F008F2C4-D652-4A58-8DEF-DB83E2355454}.Setup|x86.ActiveCfg = smtcomp|x64
		{F008F2C4-D652-4A58-8DEF-DB83E2355454}.Trace|Any CPU.ActiveCfg = Trace|Win32
		{F008F2C4-D652-4A58-8DEF-DB83E2355454}.Trace|Mixed Platforms.ActiveCfg = Trace|Win32
		{F008F2C4-D652-4A58-8DEF-DB83E2355454}.Trace|Win32.ActiveCfg = Trace|Win32
		{F008F2C4-D652-4A58-8DEF-DB83E2355454}.Trace|Win32.Build.0 = Trace|Win32
		{F008F2C4-D652-4A58-8DEF-DB83E2355454}.Trace|x64.ActiveCfg = Trace|Win32
		{F008F2C4-D652-4A58-8DEF-DB83E2355454}.Trace|x86.ActiveCfg = Trace|x64
		{7C154132-AAAB-4F60-B652-F8C51A63D244}.commercial|Any CPU.ActiveCfg = commercial|Win32
		{7C154132-AAAB-4F60-B652-F8C51A63D244}.commercial|Mixed Platforms.ActiveCfg = commercial|Win32
		{7C154132-AAAB-4F60-B652-F8C51A63D244}.commercial|Win32.ActiveCfg = commercial|Win32
		{7C154132-AAAB-4F60-B652-F8C51A63D244}.commercial|x64.ActiveCfg = commercial|Win32
		{7C154132-AAAB-4F60-B652-F8C51A63D244}.commercial|x86.ActiveCfg = commercial|Win32
		{7C154132-AAAB-4F60-B652-F8C51A63D244}.debug_opt|Any CPU.ActiveCfg = Debug|Win32
		{7C154132-AAAB-4F60-B652-F8C51A63D244}.debug_opt|Mixed Platforms.ActiveCfg = Debug|Win32
		{7C154132-AAAB-4F60-B652-F8C51A63D244}.debug_opt|Mixed Platforms.Build.0 = Debug|Win32
		{7C154132-AAAB-4F60-B652-F8C51A63D244}.debug_opt|Win32.ActiveCfg = Debug|Win32
		{7C154132-AAAB-4F60-B652-F8C51A63D244}.debug_opt|Win32.Build.0 = Debug|Win32
		{7C154132-AAAB-4F60-B652-F8C51A63D244}.debug_opt|x64.ActiveCfg = Debug|Win32
		{7C154132-AAAB-4F60-B652-F8C51A63D244}.debug_opt|x86.ActiveCfg = Debug|Win32
		{7C154132-AAAB-4F60-B652-F8C51A63D244}.Debug|Any CPU.ActiveCfg = Debug|Win32
		{7C154132-AAAB-4F60-B652-F8C51A63D244}.Debug|Any CPU.Build.0 = Debug|Win32
		{7C154132-AAAB-4F60-B652-F8C51A63D244}.Debug|Mixed Platforms.ActiveCfg = Debug|Win32
		{7C154132-AAAB-4F60-B652-F8C51A63D244}.Debug|Mixed Platforms.Build.0 = Debug|Win32
		{7C154132-AAAB-4F60-B652-F8C51A63D244}.Debug|Win32.ActiveCfg = Debug|Win32
		{7C154132-AAAB-4F60-B652-F8C51A63D244}.Debug|Win32.Build.0 = Debug|Win32
		{7C154132-AAAB-4F60-B652-F8C51A63D244}.Debug|x64.ActiveCfg = Debug|Win32
		{7C154132-AAAB-4F60-B652-F8C51A63D244}.Debug|x86.ActiveCfg = Debug|Win32
		{7C154132-AAAB-4F60-B652-F8C51A63D244}.external_64|Any CPU.ActiveCfg = Release|Win32
		{7C154132-AAAB-4F60-B652-F8C51A63D244}.external_64|Mixed Platforms.ActiveCfg = Release|Win32
		{7C154132-AAAB-4F60-B652-F8C51A63D244}.external_64|Mixed Platforms.Build.0 = Release|Win32
		{7C154132-AAAB-4F60-B652-F8C51A63D244}.external_64|Win32.ActiveCfg = Release|Win32
		{7C154132-AAAB-4F60-B652-F8C51A63D244}.external_64|Win32.Build.0 = Release|Win32
		{7C154132-AAAB-4F60-B652-F8C51A63D244}.external_64|x64.ActiveCfg = Release|Win32
		{7C154132-AAAB-4F60-B652-F8C51A63D244}.external_64|x86.ActiveCfg = Release|Win32
		{7C154132-AAAB-4F60-B652-F8C51A63D244}.external_dbg|Any CPU.ActiveCfg = Release|Win32
		{7C154132-AAAB-4F60-B652-F8C51A63D244}.external_dbg|Mixed Platforms.ActiveCfg = Release|Win32
		{7C154132-AAAB-4F60-B652-F8C51A63D244}.external_dbg|Mixed Platforms.Build.0 = Release|Win32
		{7C154132-AAAB-4F60-B652-F8C51A63D244}.external_dbg|Win32.ActiveCfg = Release|Win32
		{7C154132-AAAB-4F60-B652-F8C51A63D244}.external_dbg|x64.ActiveCfg = Release|Win32
		{7C154132-AAAB-4F60-B652-F8C51A63D244}.external_dbg|x86.ActiveCfg = Release|Win32
		{7C154132-AAAB-4F60-B652-F8C51A63D244}.external|Any CPU.ActiveCfg = external|Win32
		{7C154132-AAAB-4F60-B652-F8C51A63D244}.external|Any CPU.Build.0 = external|Win32
		{7C154132-AAAB-4F60-B652-F8C51A63D244}.external|Mixed Platforms.ActiveCfg = external|Win32
		{7C154132-AAAB-4F60-B652-F8C51A63D244}.external|Mixed Platforms.Build.0 = external|Win32
		{7C154132-AAAB-4F60-B652-F8C51A63D244}.external|Win32.ActiveCfg = Release|Win32
		{7C154132-AAAB-4F60-B652-F8C51A63D244}.external|Win32.Build.0 = Release|Win32
		{7C154132-AAAB-4F60-B652-F8C51A63D244}.external|x64.ActiveCfg = Release|Win32
		{7C154132-AAAB-4F60-B652-F8C51A63D244}.external|x86.ActiveCfg = Release|Win32
		{7C154132-AAAB-4F60-B652-F8C51A63D244}.Release_delaysign|Any CPU.ActiveCfg = Release|Win32
		{7C154132-AAAB-4F60-B652-F8C51A63D244}.Release_delaysign|Mixed Platforms.ActiveCfg = Release|Win32
		{7C154132-AAAB-4F60-B652-F8C51A63D244}.Release_delaysign|Mixed Platforms.Build.0 = Release|Win32
		{7C154132-AAAB-4F60-B652-F8C51A63D244}.Release_delaysign|Win32.ActiveCfg = Release|Win32
		{7C154132-AAAB-4F60-B652-F8C51A63D244}.Release_delaysign|x64.ActiveCfg = Release|Win32
		{7C154132-AAAB-4F60-B652-F8C51A63D244}.Release_delaysign|x86.ActiveCfg = Release|Win32
		{7C154132-AAAB-4F60-B652-F8C51A63D244}.release_mt|Any CPU.ActiveCfg = Release|Win32
		{7C154132-AAAB-4F60-B652-F8C51A63D244}.release_mt|Mixed Platforms.ActiveCfg = Release|Win32
		{7C154132-AAAB-4F60-B652-F8C51A63D244}.release_mt|Win32.ActiveCfg = Release|Win32
		{7C154132-AAAB-4F60-B652-F8C51A63D244}.release_mt|x64.ActiveCfg = Release|Win32
		{7C154132-AAAB-4F60-B652-F8C51A63D244}.release_mt|x86.ActiveCfg = Release|Win32
		{7C154132-AAAB-4F60-B652-F8C51A63D244}.Release|Any CPU.ActiveCfg = Release|Win32
		{7C154132-AAAB-4F60-B652-F8C51A63D244}.Release|Mixed Platforms.ActiveCfg = Release|Win32
		{7C154132-AAAB-4F60-B652-F8C51A63D244}.Release|Mixed Platforms.Build.0 = Release|Win32
		{7C154132-AAAB-4F60-B652-F8C51A63D244}.Release|Win32.ActiveCfg = Release|Win32
		{7C154132-AAAB-4F60-B652-F8C51A63D244}.Release|Win32.Build.0 = Release|Win32
		{7C154132-AAAB-4F60-B652-F8C51A63D244}.Release|x64.ActiveCfg = Release|Win32
		{7C154132-AAAB-4F60-B652-F8C51A63D244}.Release|x86.ActiveCfg = Release|Win32
		{7C154132-AAAB-4F60-B652-F8C51A63D244}.Setup|Any CPU.ActiveCfg = Release|Win32
		{7C154132-AAAB-4F60-B652-F8C51A63D244}.Setup|Mixed Platforms.ActiveCfg = Release|Win32
		{7C154132-AAAB-4F60-B652-F8C51A63D244}.Setup|Mixed Platforms.Build.0 = Release|Win32
		{7C154132-AAAB-4F60-B652-F8C51A63D244}.Setup|Win32.ActiveCfg = Release|Win32
		{7C154132-AAAB-4F60-B652-F8C51A63D244}.Setup|Win32.Build.0 = Release|Win32
		{7C154132-AAAB-4F60-B652-F8C51A63D244}.Setup|x64.ActiveCfg = Release|Win32
		{7C154132-AAAB-4F60-B652-F8C51A63D244}.Setup|x86.ActiveCfg = Release|Win32
		{7C154132-AAAB-4F60-B652-F8C51A63D244}.Trace|Any CPU.ActiveCfg = Release|Win32
		{7C154132-AAAB-4F60-B652-F8C51A63D244}.Trace|Mixed Platforms.ActiveCfg = Release|Win32
		{7C154132-AAAB-4F60-B652-F8C51A63D244}.Trace|Mixed Platforms.Build.0 = Release|Win32
		{7C154132-AAAB-4F60-B652-F8C51A63D244}.Trace|Win32.ActiveCfg = Release|Win32
		{7C154132-AAAB-4F60-B652-F8C51A63D244}.Trace|Win32.Build.0 = Release|Win32
		{7C154132-AAAB-4F60-B652-F8C51A63D244}.Trace|x64.ActiveCfg = Release|Win32
		{7C154132-AAAB-4F60-B652-F8C51A63D244}.Trace|x86.ActiveCfg = Release|Win32
		{EC3DB697-B734-42F7-9468-5B62821EEB5A}.commercial|Any CPU.ActiveCfg = Release|Any CPU
		{EC3DB697-B734-42F7-9468-5B62821EEB5A}.commercial|Any CPU.Build.0 = Release|Any CPU
		{EC3DB697-B734-42F7-9468-5B62821EEB5A}.commercial|Mixed Platforms.ActiveCfg = Release|Any CPU
		{EC3DB697-B734-42F7-9468-5B62821EEB5A}.commercial|Mixed Platforms.Build.0 = Release|Any CPU
		{EC3DB697-B734-42F7-9468-5B62821EEB5A}.commercial|Win32.ActiveCfg = Release|Any CPU
		{EC3DB697-B734-42F7-9468-5B62821EEB5A}.commercial|x64.ActiveCfg = Release|Any CPU
		{EC3DB697-B734-42F7-9468-5B62821EEB5A}.commercial|x86.ActiveCfg = Release|Any CPU
		{EC3DB697-B734-42F7-9468-5B62821EEB5A}.debug_opt|Any CPU.ActiveCfg = Debug|Any CPU
		{EC3DB697-B734-42F7-9468-5B62821EEB5A}.debug_opt|Any CPU.Build.0 = Debug|Any CPU
		{EC3DB697-B734-42F7-9468-5B62821EEB5A}.debug_opt|Mixed Platforms.ActiveCfg = Debug|Any CPU
		{EC3DB697-B734-42F7-9468-5B62821EEB5A}.debug_opt|Mixed Platforms.Build.0 = Debug|Any CPU
		{EC3DB697-B734-42F7-9468-5B62821EEB5A}.debug_opt|Win32.ActiveCfg = Debug|Any CPU
		{EC3DB697-B734-42F7-9468-5B62821EEB5A}.debug_opt|x64.ActiveCfg = Debug|Any CPU
		{EC3DB697-B734-42F7-9468-5B62821EEB5A}.debug_opt|x86.ActiveCfg = Debug|Any CPU
		{EC3DB697-B734-42F7-9468-5B62821EEB5A}.Debug|Any CPU.ActiveCfg = Debug|Any CPU
		{EC3DB697-B734-42F7-9468-5B62821EEB5A}.Debug|Any CPU.Build.0 = Debug|Any CPU
		{EC3DB697-B734-42F7-9468-5B62821EEB5A}.Debug|Mixed Platforms.ActiveCfg = Debug|Any CPU
		{EC3DB697-B734-42F7-9468-5B62821EEB5A}.Debug|Mixed Platforms.Build.0 = Debug|Any CPU
		{EC3DB697-B734-42F7-9468-5B62821EEB5A}.Debug|Win32.ActiveCfg = Debug|Any CPU
		{EC3DB697-B734-42F7-9468-5B62821EEB5A}.Debug|Win32.Build.0 = Debug|Any CPU
		{EC3DB697-B734-42F7-9468-5B62821EEB5A}.Debug|x64.ActiveCfg = Debug|x64
		{EC3DB697-B734-42F7-9468-5B62821EEB5A}.Debug|x64.Build.0 = Debug|x64
		{EC3DB697-B734-42F7-9468-5B62821EEB5A}.Debug|x86.ActiveCfg = Debug|Any CPU
		{EC3DB697-B734-42F7-9468-5B62821EEB5A}.external_64|Any CPU.ActiveCfg = Release|Any CPU
		{EC3DB697-B734-42F7-9468-5B62821EEB5A}.external_64|Any CPU.Build.0 = Release|Any CPU
		{EC3DB697-B734-42F7-9468-5B62821EEB5A}.external_64|Mixed Platforms.ActiveCfg = Release|Any CPU
		{EC3DB697-B734-42F7-9468-5B62821EEB5A}.external_64|Mixed Platforms.Build.0 = Release|Any CPU
		{EC3DB697-B734-42F7-9468-5B62821EEB5A}.external_64|Win32.ActiveCfg = Release|Any CPU
		{EC3DB697-B734-42F7-9468-5B62821EEB5A}.external_64|x64.ActiveCfg = external_64|x64
		{EC3DB697-B734-42F7-9468-5B62821EEB5A}.external_64|x64.Build.0 = external_64|x64
		{EC3DB697-B734-42F7-9468-5B62821EEB5A}.external_64|x86.ActiveCfg = Release|Any CPU
		{EC3DB697-B734-42F7-9468-5B62821EEB5A}.external_dbg|Any CPU.ActiveCfg = Release|Any CPU
		{EC3DB697-B734-42F7-9468-5B62821EEB5A}.external_dbg|Any CPU.Build.0 = Release|Any CPU
		{EC3DB697-B734-42F7-9468-5B62821EEB5A}.external_dbg|Mixed Platforms.ActiveCfg = Release|Any CPU
		{EC3DB697-B734-42F7-9468-5B62821EEB5A}.external_dbg|Mixed Platforms.Build.0 = Release|Any CPU
		{EC3DB697-B734-42F7-9468-5B62821EEB5A}.external_dbg|Win32.ActiveCfg = Release|Any CPU
		{EC3DB697-B734-42F7-9468-5B62821EEB5A}.external_dbg|x64.ActiveCfg = Release|Any CPU
		{EC3DB697-B734-42F7-9468-5B62821EEB5A}.external_dbg|x86.ActiveCfg = Release|Any CPU
		{EC3DB697-B734-42F7-9468-5B62821EEB5A}.external|Any CPU.ActiveCfg = external|Any CPU
		{EC3DB697-B734-42F7-9468-5B62821EEB5A}.external|Any CPU.Build.0 = external|Any CPU
		{EC3DB697-B734-42F7-9468-5B62821EEB5A}.external|Mixed Platforms.ActiveCfg = external|Any CPU
		{EC3DB697-B734-42F7-9468-5B62821EEB5A}.external|Mixed Platforms.Build.0 = external|Any CPU
		{EC3DB697-B734-42F7-9468-5B62821EEB5A}.external|Win32.ActiveCfg = external|Any CPU
		{EC3DB697-B734-42F7-9468-5B62821EEB5A}.external|Win32.Build.0 = external|Any CPU
		{EC3DB697-B734-42F7-9468-5B62821EEB5A}.external|x64.ActiveCfg = Release|Any CPU
		{EC3DB697-B734-42F7-9468-5B62821EEB5A}.external|x86.ActiveCfg = Release|Any CPU
		{EC3DB697-B734-42F7-9468-5B62821EEB5A}.Release_delaysign|Any CPU.ActiveCfg = Release|Any CPU
		{EC3DB697-B734-42F7-9468-5B62821EEB5A}.Release_delaysign|Any CPU.Build.0 = Release|Any CPU
		{EC3DB697-B734-42F7-9468-5B62821EEB5A}.Release_delaysign|Mixed Platforms.ActiveCfg = Release|Any CPU
		{EC3DB697-B734-42F7-9468-5B62821EEB5A}.Release_delaysign|Mixed Platforms.Build.0 = Release|Any CPU
		{EC3DB697-B734-42F7-9468-5B62821EEB5A}.Release_delaysign|Win32.ActiveCfg = Release_delaysign|Any CPU
		{EC3DB697-B734-42F7-9468-5B62821EEB5A}.Release_delaysign|x64.ActiveCfg = Release|Any CPU
		{EC3DB697-B734-42F7-9468-5B62821EEB5A}.Release_delaysign|x86.ActiveCfg = Release|Any CPU
		{EC3DB697-B734-42F7-9468-5B62821EEB5A}.release_mt|Any CPU.ActiveCfg = Release|Any CPU
		{EC3DB697-B734-42F7-9468-5B62821EEB5A}.release_mt|Any CPU.Build.0 = Release|Any CPU
		{EC3DB697-B734-42F7-9468-5B62821EEB5A}.release_mt|Mixed Platforms.ActiveCfg = Release|Any CPU
		{EC3DB697-B734-42F7-9468-5B62821EEB5A}.release_mt|Mixed Platforms.Build.0 = Release|Any CPU
		{EC3DB697-B734-42F7-9468-5B62821EEB5A}.release_mt|Win32.ActiveCfg = Release|Any CPU
		{EC3DB697-B734-42F7-9468-5B62821EEB5A}.release_mt|x64.ActiveCfg = Release|Any CPU
		{EC3DB697-B734-42F7-9468-5B62821EEB5A}.release_mt|x86.ActiveCfg = Release|Any CPU
		{EC3DB697-B734-42F7-9468-5B62821EEB5A}.Release|Any CPU.ActiveCfg = Release|Any CPU
		{EC3DB697-B734-42F7-9468-5B62821EEB5A}.Release|Any CPU.Build.0 = Release|Any CPU
		{EC3DB697-B734-42F7-9468-5B62821EEB5A}.Release|Mixed Platforms.ActiveCfg = Release|Any CPU
		{EC3DB697-B734-42F7-9468-5B62821EEB5A}.Release|Mixed Platforms.Build.0 = Release|Any CPU
		{EC3DB697-B734-42F7-9468-5B62821EEB5A}.Release|Win32.ActiveCfg = Release|Any CPU
		{EC3DB697-B734-42F7-9468-5B62821EEB5A}.Release|Win32.Build.0 = Release|Any CPU
		{EC3DB697-B734-42F7-9468-5B62821EEB5A}.Release|x64.ActiveCfg = Release|x64
		{EC3DB697-B734-42F7-9468-5B62821EEB5A}.Release|x64.Build.0 = Release|x64
		{EC3DB697-B734-42F7-9468-5B62821EEB5A}.Release|x86.ActiveCfg = Release|Any CPU
		{EC3DB697-B734-42F7-9468-5B62821EEB5A}.Setup|Any CPU.ActiveCfg = Release|Any CPU
		{EC3DB697-B734-42F7-9468-5B62821EEB5A}.Setup|Any CPU.Build.0 = Release|Any CPU
		{EC3DB697-B734-42F7-9468-5B62821EEB5A}.Setup|Mixed Platforms.ActiveCfg = Release|Any CPU
		{EC3DB697-B734-42F7-9468-5B62821EEB5A}.Setup|Mixed Platforms.Build.0 = Release|Any CPU
		{EC3DB697-B734-42F7-9468-5B62821EEB5A}.Setup|Win32.ActiveCfg = Release|Any CPU
		{EC3DB697-B734-42F7-9468-5B62821EEB5A}.Setup|x64.ActiveCfg = Release|Any CPU
		{EC3DB697-B734-42F7-9468-5B62821EEB5A}.Setup|x86.ActiveCfg = Release|Any CPU
		{EC3DB697-B734-42F7-9468-5B62821EEB5A}.Trace|Any CPU.ActiveCfg = Release|Any CPU
		{EC3DB697-B734-42F7-9468-5B62821EEB5A}.Trace|Any CPU.Build.0 = Release|Any CPU
		{EC3DB697-B734-42F7-9468-5B62821EEB5A}.Trace|Mixed Platforms.ActiveCfg = Release|Any CPU
		{EC3DB697-B734-42F7-9468-5B62821EEB5A}.Trace|Mixed Platforms.Build.0 = Release|Any CPU
		{EC3DB697-B734-42F7-9468-5B62821EEB5A}.Trace|Win32.ActiveCfg = Release|Any CPU
		{EC3DB697-B734-42F7-9468-5B62821EEB5A}.Trace|x64.ActiveCfg = Release|Any CPU
		{EC3DB697-B734-42F7-9468-5B62821EEB5A}.Trace|x86.ActiveCfg = Release|Any CPU
		{B408E4BF-338D-446D-8D28-0DAB9BE91182}.commercial|Any CPU.ActiveCfg = Release|x86
		{B408E4BF-338D-446D-8D28-0DAB9BE91182}.commercial|Mixed Platforms.ActiveCfg = Release|x86
		{B408E4BF-338D-446D-8D28-0DAB9BE91182}.commercial|Mixed Platforms.Build.0 = Release|x86
		{B408E4BF-338D-446D-8D28-0DAB9BE91182}.commercial|Win32.ActiveCfg = Release|x86
		{B408E4BF-338D-446D-8D28-0DAB9BE91182}.commercial|x64.ActiveCfg = Release|x86
		{B408E4BF-338D-446D-8D28-0DAB9BE91182}.commercial|x86.ActiveCfg = Release|x86
		{B408E4BF-338D-446D-8D28-0DAB9BE91182}.commercial|x86.Build.0 = Release|x86
		{B408E4BF-338D-446D-8D28-0DAB9BE91182}.debug_opt|Any CPU.ActiveCfg = Debug|x86
		{B408E4BF-338D-446D-8D28-0DAB9BE91182}.debug_opt|Mixed Platforms.ActiveCfg = Debug|x86
		{B408E4BF-338D-446D-8D28-0DAB9BE91182}.debug_opt|Mixed Platforms.Build.0 = Debug|x86
		{B408E4BF-338D-446D-8D28-0DAB9BE91182}.debug_opt|Win32.ActiveCfg = Debug|x86
		{B408E4BF-338D-446D-8D28-0DAB9BE91182}.debug_opt|x64.ActiveCfg = Debug|x86
		{B408E4BF-338D-446D-8D28-0DAB9BE91182}.debug_opt|x86.ActiveCfg = Debug|x86
		{B408E4BF-338D-446D-8D28-0DAB9BE91182}.debug_opt|x86.Build.0 = Debug|x86
		{B408E4BF-338D-446D-8D28-0DAB9BE91182}.Debug|Any CPU.ActiveCfg = Debug|x86
		{B408E4BF-338D-446D-8D28-0DAB9BE91182}.Debug|Mixed Platforms.ActiveCfg = Debug|x86
		{B408E4BF-338D-446D-8D28-0DAB9BE91182}.Debug|Mixed Platforms.Build.0 = Debug|x86
		{B408E4BF-338D-446D-8D28-0DAB9BE91182}.Debug|Win32.ActiveCfg = Debug|x86
		{B408E4BF-338D-446D-8D28-0DAB9BE91182}.Debug|x64.ActiveCfg = Debug|x64
		{B408E4BF-338D-446D-8D28-0DAB9BE91182}.Debug|x64.Build.0 = Debug|x64
		{B408E4BF-338D-446D-8D28-0DAB9BE91182}.Debug|x86.ActiveCfg = Debug|x86
		{B408E4BF-338D-446D-8D28-0DAB9BE91182}.Debug|x86.Build.0 = Debug|x86
		{B408E4BF-338D-446D-8D28-0DAB9BE91182}.external_64|Any CPU.ActiveCfg = Release|x86
		{B408E4BF-338D-446D-8D28-0DAB9BE91182}.external_64|Mixed Platforms.ActiveCfg = Release|x86
		{B408E4BF-338D-446D-8D28-0DAB9BE91182}.external_64|Mixed Platforms.Build.0 = Release|x86
		{B408E4BF-338D-446D-8D28-0DAB9BE91182}.external_64|Win32.ActiveCfg = Release|x86
		{B408E4BF-338D-446D-8D28-0DAB9BE91182}.external_64|x64.ActiveCfg = Release|x86
		{B408E4BF-338D-446D-8D28-0DAB9BE91182}.external_64|x86.ActiveCfg = Release|x86
		{B408E4BF-338D-446D-8D28-0DAB9BE91182}.external_64|x86.Build.0 = Release|x86
		{B408E4BF-338D-446D-8D28-0DAB9BE91182}.external_dbg|Any CPU.ActiveCfg = Release|x86
		{B408E4BF-338D-446D-8D28-0DAB9BE91182}.external_dbg|Mixed Platforms.ActiveCfg = Release|x86
		{B408E4BF-338D-446D-8D28-0DAB9BE91182}.external_dbg|Mixed Platforms.Build.0 = Release|x86
		{B408E4BF-338D-446D-8D28-0DAB9BE91182}.external_dbg|Win32.ActiveCfg = Release|x86
		{B408E4BF-338D-446D-8D28-0DAB9BE91182}.external_dbg|x64.ActiveCfg = Release|x86
		{B408E4BF-338D-446D-8D28-0DAB9BE91182}.external_dbg|x86.ActiveCfg = Release|x86
		{B408E4BF-338D-446D-8D28-0DAB9BE91182}.external_dbg|x86.Build.0 = Release|x86
		{B408E4BF-338D-446D-8D28-0DAB9BE91182}.external|Any CPU.ActiveCfg = Release|x86
		{B408E4BF-338D-446D-8D28-0DAB9BE91182}.external|Mixed Platforms.ActiveCfg = Release|x86
		{B408E4BF-338D-446D-8D28-0DAB9BE91182}.external|Mixed Platforms.Build.0 = Release|x86
		{B408E4BF-338D-446D-8D28-0DAB9BE91182}.external|Win32.ActiveCfg = Release|x86
		{B408E4BF-338D-446D-8D28-0DAB9BE91182}.external|x64.ActiveCfg = Release|x86
		{B408E4BF-338D-446D-8D28-0DAB9BE91182}.external|x86.ActiveCfg = Release|x86
		{B408E4BF-338D-446D-8D28-0DAB9BE91182}.external|x86.Build.0 = Release|x86
		{B408E4BF-338D-446D-8D28-0DAB9BE91182}.Release_delaysign|Any CPU.ActiveCfg = Release|x86
		{B408E4BF-338D-446D-8D28-0DAB9BE91182}.Release_delaysign|Mixed Platforms.ActiveCfg = Release|x86
		{B408E4BF-338D-446D-8D28-0DAB9BE91182}.Release_delaysign|Mixed Platforms.Build.0 = Release|x86
		{B408E4BF-338D-446D-8D28-0DAB9BE91182}.Release_delaysign|Win32.ActiveCfg = Release|x86
		{B408E4BF-338D-446D-8D28-0DAB9BE91182}.Release_delaysign|x64.ActiveCfg = Release|x86
		{B408E4BF-338D-446D-8D28-0DAB9BE91182}.Release_delaysign|x86.ActiveCfg = Release|x86
		{B408E4BF-338D-446D-8D28-0DAB9BE91182}.Release_delaysign|x86.Build.0 = Release|x86
		{B408E4BF-338D-446D-8D28-0DAB9BE91182}.release_mt|Any CPU.ActiveCfg = Release|x86
		{B408E4BF-338D-446D-8D28-0DAB9BE91182}.release_mt|Mixed Platforms.ActiveCfg = Release|x86
		{B408E4BF-338D-446D-8D28-0DAB9BE91182}.release_mt|Mixed Platforms.Build.0 = Release|x86
		{B408E4BF-338D-446D-8D28-0DAB9BE91182}.release_mt|Win32.ActiveCfg = Release|x86
		{B408E4BF-338D-446D-8D28-0DAB9BE91182}.release_mt|x64.ActiveCfg = Release|x86
		{B408E4BF-338D-446D-8D28-0DAB9BE91182}.release_mt|x86.ActiveCfg = Release|x86
		{B408E4BF-338D-446D-8D28-0DAB9BE91182}.release_mt|x86.Build.0 = Release|x86
		{B408E4BF-338D-446D-8D28-0DAB9BE91182}.Release|Any CPU.ActiveCfg = Release|x86
		{B408E4BF-338D-446D-8D28-0DAB9BE91182}.Release|Mixed Platforms.ActiveCfg = Release|x86
		{B408E4BF-338D-446D-8D28-0DAB9BE91182}.Release|Mixed Platforms.Build.0 = Release|x86
		{B408E4BF-338D-446D-8D28-0DAB9BE91182}.Release|Win32.ActiveCfg = Release|x86
		{B408E4BF-338D-446D-8D28-0DAB9BE91182}.Release|x64.ActiveCfg = Release|x64
		{B408E4BF-338D-446D-8D28-0DAB9BE91182}.Release|x64.Build.0 = Release|x64
		{B408E4BF-338D-446D-8D28-0DAB9BE91182}.Release|x86.ActiveCfg = Release|x86
		{B408E4BF-338D-446D-8D28-0DAB9BE91182}.Release|x86.Build.0 = Release|x86
		{B408E4BF-338D-446D-8D28-0DAB9BE91182}.Setup|Any CPU.ActiveCfg = Release|x86
		{B408E4BF-338D-446D-8D28-0DAB9BE91182}.Setup|Mixed Platforms.ActiveCfg = Release|x86
		{B408E4BF-338D-446D-8D28-0DAB9BE91182}.Setup|Mixed Platforms.Build.0 = Release|x86
		{B408E4BF-338D-446D-8D28-0DAB9BE91182}.Setup|Win32.ActiveCfg = Release|x86
		{B408E4BF-338D-446D-8D28-0DAB9BE91182}.Setup|x64.ActiveCfg = Release|x86
		{B408E4BF-338D-446D-8D28-0DAB9BE91182}.Setup|x86.ActiveCfg = Release|x86
		{B408E4BF-338D-446D-8D28-0DAB9BE91182}.Setup|x86.Build.0 = Release|x86
		{B408E4BF-338D-446D-8D28-0DAB9BE91182}.Trace|Any CPU.ActiveCfg = Release|x86
		{B408E4BF-338D-446D-8D28-0DAB9BE91182}.Trace|Mixed Platforms.ActiveCfg = Release|x86
		{B408E4BF-338D-446D-8D28-0DAB9BE91182}.Trace|Mixed Platforms.Build.0 = Release|x86
		{B408E4BF-338D-446D-8D28-0DAB9BE91182}.Trace|Win32.ActiveCfg = Release|x86
		{B408E4BF-338D-446D-8D28-0DAB9BE91182}.Trace|x64.ActiveCfg = Release|x86
		{B408E4BF-338D-446D-8D28-0DAB9BE91182}.Trace|x86.ActiveCfg = Release|x86
		{B408E4BF-338D-446D-8D28-0DAB9BE91182}.Trace|x86.Build.0 = Release|x86
	EndGlobalSection
	GlobalSection(SolutionProperties) = preSolution
		HideSolutionNode = FALSE
	EndGlobalSection
EndGlobal
