Microsoft Visual Studio Solution File, Format Version 12.00
# Visual Studio Version 17
VisualStudioVersion = 17.5.2.0
MinimumVisualStudioVersion = 10.0.40219.1
Project("{2150E333-8FDC-42A3-9474-1A3956D46DE8}") = "examples", "examples", "{B36A84DF-456D-A817-6EDD-3EC3E7F6E11F}"
EndProject
Project("{FAE04EC0-301F-11D3-BF4B-00C04F79EFBC}") = "dotnet", "examples\dotnet\dotnet.csproj", "{4F8D415D-0E83-BFDB-D2A2-5C3C2EB2559C}"
EndProject
Global
	GlobalSection(SolutionConfigurationPlatforms) = preSolution
		Debug|Any CPU = Debug|Any CPU
		Release|Any CPU = Release|Any CPU
	EndGlobalSection
	GlobalSection(ProjectConfigurationPlatforms) = postSolution
		{4F8D415D-0E83-BFDB-D2A2-5C3C2EB2559C}.Debug|Any CPU.ActiveCfg = Debug|Any CPU
		{4F8D415D-0E83-BFDB-D2A2-5C3C2EB2559C}.Debug|Any CPU.Build.0 = Debug|Any CPU
		{4F8D415D-0E83-BFDB-D2A2-5C3C2EB2559C}.Release|Any CPU.ActiveCfg = Release|Any CPU
		{4F8D415D-0E83-BFDB-D2A2-5C3C2EB2559C}.Release|Any CPU.Build.0 = Release|Any CPU
	EndGlobalSection
	GlobalSection(SolutionProperties) = preSolution
		HideSolutionNode = FALSE
	EndGlobalSection
	GlobalSection(NestedProjects) = preSolution
		{4F8D415D-0E83-BFDB-D2A2-5C3C2EB2559C} = {B36A84DF-456D-A817-6EDD-3EC3E7F6E11F}
	EndGlobalSection
	GlobalSection(ExtensibilityGlobals) = postSolution
		SolutionGuid = {12A80498-7244-4BCD-BD44-DD83478AF1AD}
	EndGlobalSection
EndGlobal
